// !$*UTF8*$!
{
	archiveVersion = 1;
	classes = {
	};
	objectVersion = 46;
	objects = {

/* Begin PBXBuildFile section */
		0E645A0F1CBF957800D36AD0 /* firmwares in Resources */ = {isa = PBXBuildFile; fileRef = 7E6ED10A196ED482008010B6 /* firmwares */; };
		3000B20F1CE3169F00F64CEE /* NORBaseRevealViewController.swift in Sources */ = {isa = PBXBuildFile; fileRef = 3000B20E1CE3169F00F64CEE /* NORBaseRevealViewController.swift */; };
		3000B2111CE317D900F64CEE /* NORUARTRevealViewController.swift in Sources */ = {isa = PBXBuildFile; fileRef = 3000B2101CE317D900F64CEE /* NORUARTRevealViewController.swift */; };
		3000B2131CE3195E00F64CEE /* NOREditPopupViewController.swift in Sources */ = {isa = PBXBuildFile; fileRef = 3000B2121CE3195E00F64CEE /* NOREditPopupViewController.swift */; };
		3000B2151CE32A9200F64CEE /* NORUARTViewController.swift in Sources */ = {isa = PBXBuildFile; fileRef = 3000B2141CE32A9200F64CEE /* NORUARTViewController.swift */; };
		300508931CE1D75800D93BE0 /* NORProximityViewController.swift in Sources */ = {isa = PBXBuildFile; fileRef = 300508921CE1D75800D93BE0 /* NORProximityViewController.swift */; };
		300508951CE2078A00D93BE0 /* NORRSCViewController.swift in Sources */ = {isa = PBXBuildFile; fileRef = 300508941CE2078A00D93BE0 /* NORRSCViewController.swift */; };
		3010F6051CDCB4F900CB285A /* NORBPMViewController.swift in Sources */ = {isa = PBXBuildFile; fileRef = 3010F6041CDCB4F900CB285A /* NORBPMViewController.swift */; };
		304299221CE5DE8E00E1D2AB /* NORUserFilesViewController.swift in Sources */ = {isa = PBXBuildFile; fileRef = 304299211CE5DE8E00E1D2AB /* NORUserFilesViewController.swift */; };
		304299241CE6114000E1D2AB /* NORTutorialViewController.swift in Sources */ = {isa = PBXBuildFile; fileRef = 304299231CE6114000E1D2AB /* NORTutorialViewController.swift */; };
		30499E4B1CE4667800E0993B /* NORDFUConstantsUtility.swift in Sources */ = {isa = PBXBuildFile; fileRef = 30499E4A1CE4667800E0993B /* NORDFUConstantsUtility.swift */; };
		30499E4D1CE4687300E0993B /* NORFileTypeSelectionDelegate.swift in Sources */ = {isa = PBXBuildFile; fileRef = 30499E4C1CE4687300E0993B /* NORFileTypeSelectionDelegate.swift */; };
		30499E4F1CE4688700E0993B /* NORFileTypeViewController.swift in Sources */ = {isa = PBXBuildFile; fileRef = 30499E4E1CE4688700E0993B /* NORFileTypeViewController.swift */; };
		30499E511CE471C500E0993B /* NORDFUViewController.swift in Sources */ = {isa = PBXBuildFile; fileRef = 30499E501CE471C500E0993B /* NORDFUViewController.swift */; };
		30499E551CE4732200E0993B /* NORFileSelectionDelegate.swift in Sources */ = {isa = PBXBuildFile; fileRef = 30499E541CE4732200E0993B /* NORFileSelectionDelegate.swift */; };
		30499E571CE4736500E0993B /* NORFilePreselectionDelegate.swift in Sources */ = {isa = PBXBuildFile; fileRef = 30499E561CE4736500E0993B /* NORFilePreselectionDelegate.swift */; };
		30499E591CE4A07700E0993B /* NORAppFilesViewController.swift in Sources */ = {isa = PBXBuildFile; fileRef = 30499E581CE4A07700E0993B /* NORAppFilesViewController.swift */; };
		30499E5D1CE4C6C700E0993B /* NORFolderFilesViewController.swift in Sources */ = {isa = PBXBuildFile; fileRef = 30499E5C1CE4C6C700E0993B /* NORFolderFilesViewController.swift */; };
		304D58FB1CE34EE600148271 /* NORLogger.swift in Sources */ = {isa = PBXBuildFile; fileRef = 304D58FA1CE34EE600148271 /* NORLogger.swift */; };
		304D58FD1CE34FC600148271 /* NORLogViewController.swift in Sources */ = {isa = PBXBuildFile; fileRef = 304D58FC1CE34FC600148271 /* NORLogViewController.swift */; };
		304D58FF1CE3521900148271 /* NORLogItem.swift in Sources */ = {isa = PBXBuildFile; fileRef = 304D58FE1CE3521900148271 /* NORLogItem.swift */; };
		304D59011CE352B300148271 /* NORLogItemTableViewCell.swift in Sources */ = {isa = PBXBuildFile; fileRef = 304D59001CE352B300148271 /* NORLogItemTableViewCell.swift */; };
		305E07B51CD3534D00B32EB2 /* NORBGMDetailsViewController.swift in Sources */ = {isa = PBXBuildFile; fileRef = 305E07B41CD3534D00B32EB2 /* NORBGMDetailsViewController.swift */; };
		305E07B71CD3608500B32EB2 /* NORBGMViewController.swift in Sources */ = {isa = PBXBuildFile; fileRef = 305E07B61CD3608500B32EB2 /* NORBGMViewController.swift */; };
		3069A1D71CDC788A003869EA /* NORBluetoothManager.swift in Sources */ = {isa = PBXBuildFile; fileRef = 3069A1D61CDC788A003869EA /* NORBluetoothManager.swift */; };
		3080C4711CE06D0E009C2D8C /* NORCSCViewController.swift in Sources */ = {isa = PBXBuildFile; fileRef = 3080C4701CE06D0E009C2D8C /* NORCSCViewController.swift */; };
		308AA5761CD8A7B400CC9857 /* NORBGMItemCell.swift in Sources */ = {isa = PBXBuildFile; fileRef = 308AA5751CD8A7B400CC9857 /* NORBGMItemCell.swift */; };
		308AA5781CD8AF6B00CC9857 /* NORGlucoseReading.swift in Sources */ = {isa = PBXBuildFile; fileRef = 308AA5771CD8AF6B00CC9857 /* NORGlucoseReading.swift */; };
		308AA57A1CD8DD4300CC9857 /* NORGlucoseReadingContext.swift in Sources */ = {isa = PBXBuildFile; fileRef = 308AA5791CD8DD4300CC9857 /* NORGlucoseReadingContext.swift */; };
		308EE1781CE0CBF700F2A854 /* NORHTSViewController.swift in Sources */ = {isa = PBXBuildFile; fileRef = 308EE1771CE0CBF700F2A854 /* NORHTSViewController.swift */; };
		30921FD31CD0E7A5009CBDDE /* NORNavigationController.swift in Sources */ = {isa = PBXBuildFile; fileRef = 30921FD21CD0E7A5009CBDDE /* NORNavigationController.swift */; };
		30921FD51CD0EB55009CBDDE /* NORMainViewController.swift in Sources */ = {isa = PBXBuildFile; fileRef = 30921FD41CD0EB55009CBDDE /* NORMainViewController.swift */; };
		30A114561CD2367C000F0F02 /* NORScannedPeripheral.swift in Sources */ = {isa = PBXBuildFile; fileRef = 30A114551CD2367C000F0F02 /* NORScannedPeripheral.swift */; };
		30A1145A1CD2426B000F0F02 /* NORScannerDelegate.swift in Sources */ = {isa = PBXBuildFile; fileRef = 30A114591CD2426B000F0F02 /* NORScannerDelegate.swift */; };
		30A1145C1CD24611000F0F02 /* NORScannerViewController.swift in Sources */ = {isa = PBXBuildFile; fileRef = 30A1145B1CD24611000F0F02 /* NORScannerViewController.swift */; };
		30F92D4B1CD9CF0700C73285 /* NORHRMViewController.swift in Sources */ = {isa = PBXBuildFile; fileRef = 30F92D4A1CD9CF0700C73285 /* NORHRMViewController.swift */; };
		5211EFAE18856430007CC40D /* icon-dfu-64.png in Resources */ = {isa = PBXBuildFile; fileRef = 5211EFAA1885642F007CC40D /* icon-dfu-64.png */; };
		5211EFAF18856430007CC40D /* icon-dfu-320.png in Resources */ = {isa = PBXBuildFile; fileRef = 5211EFAB1885642F007CC40D /* icon-dfu-320.png */; };
		5211EFB018856430007CC40D /* icon-hex.png in Resources */ = {isa = PBXBuildFile; fileRef = 5211EFAC1885642F007CC40D /* icon-hex.png */; };
		5211EFB118856430007CC40D /* icon-hex@2x.png in Resources */ = {isa = PBXBuildFile; fileRef = 5211EFAD1885642F007CC40D /* icon-hex@2x.png */; };
		5214D0CE1886C02A00460637 /* Settings.bundle in Resources */ = {isa = PBXBuildFile; fileRef = 5214D0CD1886C02A00460637 /* Settings.bundle */; };
		5214D0D218881D4D00460637 /* CharacteristicReader.m in Sources */ = {isa = PBXBuildFile; fileRef = 5214D0D118881D4D00460637 /* CharacteristicReader.m */; };
		5217F3E61859EE0000F2D5BB /* Foundation.framework in Frameworks */ = {isa = PBXBuildFile; fileRef = 5217F3E51859EE0000F2D5BB /* Foundation.framework */; };
		5217F3E81859EE0000F2D5BB /* CoreGraphics.framework in Frameworks */ = {isa = PBXBuildFile; fileRef = 5217F3E71859EE0000F2D5BB /* CoreGraphics.framework */; };
		5217F3EA1859EE0000F2D5BB /* UIKit.framework in Frameworks */ = {isa = PBXBuildFile; fileRef = 5217F3E91859EE0000F2D5BB /* UIKit.framework */; };
		5217F3F01859EE0000F2D5BB /* InfoPlist.strings in Resources */ = {isa = PBXBuildFile; fileRef = 5217F3EE1859EE0000F2D5BB /* InfoPlist.strings */; };
		5217F3F21859EE0000F2D5BB /* main.m in Sources */ = {isa = PBXBuildFile; fileRef = 5217F3F11859EE0000F2D5BB /* main.m */; };
		5217F3F61859EE0000F2D5BB /* AppDelegate.m in Sources */ = {isa = PBXBuildFile; fileRef = 5217F3F51859EE0000F2D5BB /* AppDelegate.m */; };
		5217F3F91859EE0000F2D5BB /* Main.storyboard in Resources */ = {isa = PBXBuildFile; fileRef = 5217F3F71859EE0000F2D5BB /* Main.storyboard */; };
		5217F3FE1859EE0000F2D5BB /* Images.xcassets in Resources */ = {isa = PBXBuildFile; fileRef = 5217F3FD1859EE0000F2D5BB /* Images.xcassets */; };
		5217F4061859EE0000F2D5BB /* Foundation.framework in Frameworks */ = {isa = PBXBuildFile; fileRef = 5217F3E51859EE0000F2D5BB /* Foundation.framework */; };
		5217F4071859EE0000F2D5BB /* UIKit.framework in Frameworks */ = {isa = PBXBuildFile; fileRef = 5217F3E91859EE0000F2D5BB /* UIKit.framework */; };
		5217F40F1859EE0000F2D5BB /* InfoPlist.strings in Resources */ = {isa = PBXBuildFile; fileRef = 5217F40D1859EE0000F2D5BB /* InfoPlist.strings */; };
		5217F4111859EE0000F2D5BB /* nRF_ToolboxTests.m in Sources */ = {isa = PBXBuildFile; fileRef = 5217F4101859EE0000F2D5BB /* nRF_ToolboxTests.m */; };
		5217F41B1859EEF400F2D5BB /* CoreBluetooth.framework in Frameworks */ = {isa = PBXBuildFile; fileRef = 5217F41A1859EEF400F2D5BB /* CoreBluetooth.framework */; };
		522636371C60FFB00054A550 /* libz.tbd in Frameworks */ = {isa = PBXBuildFile; fileRef = 522636361C60FFB00054A550 /* libz.tbd */; };
		52BDCB191C3FD31F00E2680F /* Accelerate.framework in Frameworks */ = {isa = PBXBuildFile; fileRef = 52BDCB181C3FD31F00E2680F /* Accelerate.framework */; };
		52BDCBBE1C3FD86900E2680F /* QuartzCore.framework in Frameworks */ = {isa = PBXBuildFile; fileRef = 52BDCBBD1C3FD86900E2680F /* QuartzCore.framework */; };
		52BDCBC61C47C2C300E2680F /* Launch Screen.storyboard in Resources */ = {isa = PBXBuildFile; fileRef = 52BDCBC51C47C2C300E2680F /* Launch Screen.storyboard */; };
		52BDCBC91C48FDB800E2680F /* BaseViewController.m in Sources */ = {isa = PBXBuildFile; fileRef = 52BDCBC81C48FDB800E2680F /* BaseViewController.m */; };
		52BDCBDA1C4D1AAC00E2680F /* NSDataAsHex.m in Sources */ = {isa = PBXBuildFile; fileRef = 52BDCBD91C4D1AAC00E2680F /* NSDataAsHex.m */; };
		7E1B422918A8DF4D006BA1BC /* high.mp3 in Resources */ = {isa = PBXBuildFile; fileRef = 7E1B422818A8DF4D006BA1BC /* high.mp3 */; };
		A80462591AD670480074F116 /* AppUtilities.m in Sources */ = {isa = PBXBuildFile; fileRef = A80462581AD670480074F116 /* AppUtilities.m */; };
		F427A816F7641D9828BAF315 /* Pods.framework in Frameworks */ = {isa = PBXBuildFile; fileRef = 89CF4D2BA242FBAD9F6C46E9 /* Pods.framework */; };
/* End PBXBuildFile section */

/* Begin PBXContainerItemProxy section */
		5217F4081859EE0000F2D5BB /* PBXContainerItemProxy */ = {
			isa = PBXContainerItemProxy;
			containerPortal = 5217F3DA1859EE0000F2D5BB /* Project object */;
			proxyType = 1;
			remoteGlobalIDString = 5217F3E11859EE0000F2D5BB;
			remoteInfo = "nRF Toolbox";
		};
/* End PBXContainerItemProxy section */

/* Begin PBXCopyFilesBuildPhase section */
		0E645A0E1CBF943000D36AD0 /* Embed Frameworks */ = {
			isa = PBXCopyFilesBuildPhase;
			buildActionMask = 12;
			dstPath = "";
			dstSubfolderSpec = 10;
			files = (
			);
			name = "Embed Frameworks";
			runOnlyForDeploymentPostprocessing = 0;
		};
/* End PBXCopyFilesBuildPhase section */

/* Begin PBXFileReference section */
		3000B20E1CE3169F00F64CEE /* NORBaseRevealViewController.swift */ = {isa = PBXFileReference; fileEncoding = 4; lastKnownFileType = sourcecode.swift; path = NORBaseRevealViewController.swift; sourceTree = "<group>"; };
		3000B2101CE317D900F64CEE /* NORUARTRevealViewController.swift */ = {isa = PBXFileReference; fileEncoding = 4; lastKnownFileType = sourcecode.swift; path = NORUARTRevealViewController.swift; sourceTree = "<group>"; };
		3000B2121CE3195E00F64CEE /* NOREditPopupViewController.swift */ = {isa = PBXFileReference; fileEncoding = 4; lastKnownFileType = sourcecode.swift; path = NOREditPopupViewController.swift; sourceTree = "<group>"; };
		3000B2141CE32A9200F64CEE /* NORUARTViewController.swift */ = {isa = PBXFileReference; fileEncoding = 4; lastKnownFileType = sourcecode.swift; path = NORUARTViewController.swift; sourceTree = "<group>"; };
		300508921CE1D75800D93BE0 /* NORProximityViewController.swift */ = {isa = PBXFileReference; fileEncoding = 4; lastKnownFileType = sourcecode.swift; path = NORProximityViewController.swift; sourceTree = "<group>"; };
		300508941CE2078A00D93BE0 /* NORRSCViewController.swift */ = {isa = PBXFileReference; fileEncoding = 4; lastKnownFileType = sourcecode.swift; path = NORRSCViewController.swift; sourceTree = "<group>"; };
		3010F6041CDCB4F900CB285A /* NORBPMViewController.swift */ = {isa = PBXFileReference; fileEncoding = 4; lastKnownFileType = sourcecode.swift; path = NORBPMViewController.swift; sourceTree = "<group>"; };
		304299211CE5DE8E00E1D2AB /* NORUserFilesViewController.swift */ = {isa = PBXFileReference; fileEncoding = 4; lastKnownFileType = sourcecode.swift; path = NORUserFilesViewController.swift; sourceTree = "<group>"; };
		304299231CE6114000E1D2AB /* NORTutorialViewController.swift */ = {isa = PBXFileReference; fileEncoding = 4; lastKnownFileType = sourcecode.swift; path = NORTutorialViewController.swift; sourceTree = "<group>"; };
		30499E4A1CE4667800E0993B /* NORDFUConstantsUtility.swift */ = {isa = PBXFileReference; fileEncoding = 4; lastKnownFileType = sourcecode.swift; path = NORDFUConstantsUtility.swift; sourceTree = "<group>"; };
		30499E4C1CE4687300E0993B /* NORFileTypeSelectionDelegate.swift */ = {isa = PBXFileReference; fileEncoding = 4; lastKnownFileType = sourcecode.swift; name = NORFileTypeSelectionDelegate.swift; path = FileSelection/NORFileTypeSelectionDelegate.swift; sourceTree = "<group>"; };
		30499E4E1CE4688700E0993B /* NORFileTypeViewController.swift */ = {isa = PBXFileReference; fileEncoding = 4; lastKnownFileType = sourcecode.swift; name = NORFileTypeViewController.swift; path = FileSelection/NORFileTypeViewController.swift; sourceTree = "<group>"; };
		30499E501CE471C500E0993B /* NORDFUViewController.swift */ = {isa = PBXFileReference; fileEncoding = 4; lastKnownFileType = sourcecode.swift; path = NORDFUViewController.swift; sourceTree = "<group>"; };
		30499E541CE4732200E0993B /* NORFileSelectionDelegate.swift */ = {isa = PBXFileReference; fileEncoding = 4; lastKnownFileType = sourcecode.swift; path = NORFileSelectionDelegate.swift; sourceTree = "<group>"; };
		30499E561CE4736500E0993B /* NORFilePreselectionDelegate.swift */ = {isa = PBXFileReference; fileEncoding = 4; lastKnownFileType = sourcecode.swift; path = NORFilePreselectionDelegate.swift; sourceTree = "<group>"; };
		30499E581CE4A07700E0993B /* NORAppFilesViewController.swift */ = {isa = PBXFileReference; fileEncoding = 4; lastKnownFileType = sourcecode.swift; path = NORAppFilesViewController.swift; sourceTree = "<group>"; };
		30499E5C1CE4C6C700E0993B /* NORFolderFilesViewController.swift */ = {isa = PBXFileReference; fileEncoding = 4; lastKnownFileType = sourcecode.swift; path = NORFolderFilesViewController.swift; sourceTree = "<group>"; };
		304D58FA1CE34EE600148271 /* NORLogger.swift */ = {isa = PBXFileReference; fileEncoding = 4; lastKnownFileType = sourcecode.swift; path = NORLogger.swift; sourceTree = "<group>"; };
		304D58FC1CE34FC600148271 /* NORLogViewController.swift */ = {isa = PBXFileReference; fileEncoding = 4; lastKnownFileType = sourcecode.swift; path = NORLogViewController.swift; sourceTree = "<group>"; };
		304D58FE1CE3521900148271 /* NORLogItem.swift */ = {isa = PBXFileReference; fileEncoding = 4; lastKnownFileType = sourcecode.swift; path = NORLogItem.swift; sourceTree = "<group>"; };
		304D59001CE352B300148271 /* NORLogItemTableViewCell.swift */ = {isa = PBXFileReference; fileEncoding = 4; lastKnownFileType = sourcecode.swift; path = NORLogItemTableViewCell.swift; sourceTree = "<group>"; };
		305E07B41CD3534D00B32EB2 /* NORBGMDetailsViewController.swift */ = {isa = PBXFileReference; fileEncoding = 4; lastKnownFileType = sourcecode.swift; path = NORBGMDetailsViewController.swift; sourceTree = "<group>"; };
		305E07B61CD3608500B32EB2 /* NORBGMViewController.swift */ = {isa = PBXFileReference; fileEncoding = 4; lastKnownFileType = sourcecode.swift; path = NORBGMViewController.swift; sourceTree = "<group>"; };
		3069A1D61CDC788A003869EA /* NORBluetoothManager.swift */ = {isa = PBXFileReference; fileEncoding = 4; lastKnownFileType = sourcecode.swift; path = NORBluetoothManager.swift; sourceTree = "<group>"; };
		3080C4701CE06D0E009C2D8C /* NORCSCViewController.swift */ = {isa = PBXFileReference; fileEncoding = 4; lastKnownFileType = sourcecode.swift; path = NORCSCViewController.swift; sourceTree = "<group>"; };
		308AA5751CD8A7B400CC9857 /* NORBGMItemCell.swift */ = {isa = PBXFileReference; fileEncoding = 4; lastKnownFileType = sourcecode.swift; path = NORBGMItemCell.swift; sourceTree = "<group>"; };
		308AA5771CD8AF6B00CC9857 /* NORGlucoseReading.swift */ = {isa = PBXFileReference; fileEncoding = 4; lastKnownFileType = sourcecode.swift; path = NORGlucoseReading.swift; sourceTree = "<group>"; };
		308AA5791CD8DD4300CC9857 /* NORGlucoseReadingContext.swift */ = {isa = PBXFileReference; fileEncoding = 4; lastKnownFileType = sourcecode.swift; name = NORGlucoseReadingContext.swift; path = Model/NORGlucoseReadingContext.swift; sourceTree = "<group>"; };
		308EE1771CE0CBF700F2A854 /* NORHTSViewController.swift */ = {isa = PBXFileReference; fileEncoding = 4; lastKnownFileType = sourcecode.swift; path = NORHTSViewController.swift; sourceTree = "<group>"; };
		30921FD11CD0E7A5009CBDDE /* nRF Toolbox-Bridging-Header.h */ = {isa = PBXFileReference; lastKnownFileType = sourcecode.c.h; path = "nRF Toolbox-Bridging-Header.h"; sourceTree = "<group>"; };
		30921FD21CD0E7A5009CBDDE /* NORNavigationController.swift */ = {isa = PBXFileReference; fileEncoding = 4; lastKnownFileType = sourcecode.swift; path = NORNavigationController.swift; sourceTree = "<group>"; };
		30921FD41CD0EB55009CBDDE /* NORMainViewController.swift */ = {isa = PBXFileReference; fileEncoding = 4; lastKnownFileType = sourcecode.swift; path = NORMainViewController.swift; sourceTree = "<group>"; };
		30A114551CD2367C000F0F02 /* NORScannedPeripheral.swift */ = {isa = PBXFileReference; fileEncoding = 4; lastKnownFileType = sourcecode.swift; path = NORScannedPeripheral.swift; sourceTree = "<group>"; };
		30A114591CD2426B000F0F02 /* NORScannerDelegate.swift */ = {isa = PBXFileReference; fileEncoding = 4; lastKnownFileType = sourcecode.swift; path = NORScannerDelegate.swift; sourceTree = "<group>"; };
		30A1145B1CD24611000F0F02 /* NORScannerViewController.swift */ = {isa = PBXFileReference; fileEncoding = 4; lastKnownFileType = sourcecode.swift; path = NORScannerViewController.swift; sourceTree = "<group>"; };
		30F92D4A1CD9CF0700C73285 /* NORHRMViewController.swift */ = {isa = PBXFileReference; fileEncoding = 4; lastKnownFileType = sourcecode.swift; path = NORHRMViewController.swift; sourceTree = "<group>"; };
		5211EFAA1885642F007CC40D /* icon-dfu-64.png */ = {isa = PBXFileReference; lastKnownFileType = image.png; path = "icon-dfu-64.png"; sourceTree = "<group>"; };
		5211EFAB1885642F007CC40D /* icon-dfu-320.png */ = {isa = PBXFileReference; lastKnownFileType = image.png; path = "icon-dfu-320.png"; sourceTree = "<group>"; };
		5211EFAC1885642F007CC40D /* icon-hex.png */ = {isa = PBXFileReference; lastKnownFileType = image.png; path = "icon-hex.png"; sourceTree = "<group>"; };
		5211EFAD1885642F007CC40D /* icon-hex@2x.png */ = {isa = PBXFileReference; lastKnownFileType = image.png; path = "icon-hex@2x.png"; sourceTree = "<group>"; };
		5214D0CD1886C02A00460637 /* Settings.bundle */ = {isa = PBXFileReference; lastKnownFileType = "wrapper.plug-in"; path = Settings.bundle; sourceTree = "<group>"; };
		5214D0D018881D4D00460637 /* CharacteristicReader.h */ = {isa = PBXFileReference; fileEncoding = 4; lastKnownFileType = sourcecode.c.h; path = CharacteristicReader.h; sourceTree = "<group>"; };
		5214D0D118881D4D00460637 /* CharacteristicReader.m */ = {isa = PBXFileReference; fileEncoding = 4; lastKnownFileType = sourcecode.c.objc; path = CharacteristicReader.m; sourceTree = "<group>"; };
		5217F3E21859EE0000F2D5BB /* nRF Toolbox.app */ = {isa = PBXFileReference; explicitFileType = wrapper.application; includeInIndex = 0; path = "nRF Toolbox.app"; sourceTree = BUILT_PRODUCTS_DIR; };
		5217F3E51859EE0000F2D5BB /* Foundation.framework */ = {isa = PBXFileReference; lastKnownFileType = wrapper.framework; name = Foundation.framework; path = System/Library/Frameworks/Foundation.framework; sourceTree = SDKROOT; };
		5217F3E71859EE0000F2D5BB /* CoreGraphics.framework */ = {isa = PBXFileReference; lastKnownFileType = wrapper.framework; name = CoreGraphics.framework; path = System/Library/Frameworks/CoreGraphics.framework; sourceTree = SDKROOT; };
		5217F3E91859EE0000F2D5BB /* UIKit.framework */ = {isa = PBXFileReference; lastKnownFileType = wrapper.framework; name = UIKit.framework; path = System/Library/Frameworks/UIKit.framework; sourceTree = SDKROOT; };
		5217F3ED1859EE0000F2D5BB /* nRF Toolbox-Info.plist */ = {isa = PBXFileReference; lastKnownFileType = text.plist.xml; path = "nRF Toolbox-Info.plist"; sourceTree = "<group>"; };
		5217F3EF1859EE0000F2D5BB /* en */ = {isa = PBXFileReference; lastKnownFileType = text.plist.strings; name = en; path = en.lproj/InfoPlist.strings; sourceTree = "<group>"; };
		5217F3F11859EE0000F2D5BB /* main.m */ = {isa = PBXFileReference; lastKnownFileType = sourcecode.c.objc; path = main.m; sourceTree = "<group>"; };
		5217F3F31859EE0000F2D5BB /* nRF Toolbox-Prefix.pch */ = {isa = PBXFileReference; lastKnownFileType = sourcecode.c.h; path = "nRF Toolbox-Prefix.pch"; sourceTree = "<group>"; };
		5217F3F41859EE0000F2D5BB /* AppDelegate.h */ = {isa = PBXFileReference; lastKnownFileType = sourcecode.c.h; path = AppDelegate.h; sourceTree = "<group>"; };
		5217F3F51859EE0000F2D5BB /* AppDelegate.m */ = {isa = PBXFileReference; lastKnownFileType = sourcecode.c.objc; path = AppDelegate.m; sourceTree = "<group>"; };
		5217F3F81859EE0000F2D5BB /* Base */ = {isa = PBXFileReference; lastKnownFileType = file.storyboard; name = Base; path = Base.lproj/Main.storyboard; sourceTree = "<group>"; };
		5217F3FD1859EE0000F2D5BB /* Images.xcassets */ = {isa = PBXFileReference; lastKnownFileType = folder.assetcatalog; path = Images.xcassets; sourceTree = "<group>"; };
		5217F4031859EE0000F2D5BB /* nRF ToolboxTests.xctest */ = {isa = PBXFileReference; explicitFileType = wrapper.cfbundle; includeInIndex = 0; path = "nRF ToolboxTests.xctest"; sourceTree = BUILT_PRODUCTS_DIR; };
		5217F40C1859EE0000F2D5BB /* nRF ToolboxTests-Info.plist */ = {isa = PBXFileReference; lastKnownFileType = text.plist.xml; path = "nRF ToolboxTests-Info.plist"; sourceTree = "<group>"; };
		5217F40E1859EE0000F2D5BB /* en */ = {isa = PBXFileReference; lastKnownFileType = text.plist.strings; name = en; path = en.lproj/InfoPlist.strings; sourceTree = "<group>"; };
		5217F4101859EE0000F2D5BB /* nRF_ToolboxTests.m */ = {isa = PBXFileReference; lastKnownFileType = sourcecode.c.objc; path = nRF_ToolboxTests.m; sourceTree = "<group>"; };
		5217F41A1859EEF400F2D5BB /* CoreBluetooth.framework */ = {isa = PBXFileReference; lastKnownFileType = wrapper.framework; name = CoreBluetooth.framework; path = System/Library/Frameworks/CoreBluetooth.framework; sourceTree = SDKROOT; };
		5217F41F185B1A0800F2D5BB /* Constants.h */ = {isa = PBXFileReference; lastKnownFileType = sourcecode.c.h; path = Constants.h; sourceTree = "<group>"; };
		522636361C60FFB00054A550 /* libz.tbd */ = {isa = PBXFileReference; lastKnownFileType = "sourcecode.text-based-dylib-definition"; name = libz.tbd; path = usr/lib/libz.tbd; sourceTree = SDKROOT; };
		5285D9A5188D43E500305F1D /* RecordAccess.h */ = {isa = PBXFileReference; lastKnownFileType = sourcecode.c.h; path = RecordAccess.h; sourceTree = "<group>"; };
		52BDCB181C3FD31F00E2680F /* Accelerate.framework */ = {isa = PBXFileReference; lastKnownFileType = wrapper.framework; name = Accelerate.framework; path = System/Library/Frameworks/Accelerate.framework; sourceTree = SDKROOT; };
		52BDCBBD1C3FD86900E2680F /* QuartzCore.framework */ = {isa = PBXFileReference; lastKnownFileType = wrapper.framework; name = QuartzCore.framework; path = System/Library/Frameworks/QuartzCore.framework; sourceTree = SDKROOT; };
		52BDCBC51C47C2C300E2680F /* Launch Screen.storyboard */ = {isa = PBXFileReference; fileEncoding = 4; lastKnownFileType = file.storyboard; path = "Launch Screen.storyboard"; sourceTree = "<group>"; };
		52BDCBC71C48FDB800E2680F /* BaseViewController.h */ = {isa = PBXFileReference; fileEncoding = 4; lastKnownFileType = sourcecode.c.h; path = BaseViewController.h; sourceTree = "<group>"; };
		52BDCBC81C48FDB800E2680F /* BaseViewController.m */ = {isa = PBXFileReference; fileEncoding = 4; lastKnownFileType = sourcecode.c.objc; path = BaseViewController.m; sourceTree = "<group>"; };
		52BDCBD81C4D1AAC00E2680F /* NSDataAsHex.h */ = {isa = PBXFileReference; fileEncoding = 4; lastKnownFileType = sourcecode.c.h; path = NSDataAsHex.h; sourceTree = "<group>"; };
		52BDCBD91C4D1AAC00E2680F /* NSDataAsHex.m */ = {isa = PBXFileReference; fileEncoding = 4; lastKnownFileType = sourcecode.c.objc; path = NSDataAsHex.m; sourceTree = "<group>"; };
		7E1B422818A8DF4D006BA1BC /* high.mp3 */ = {isa = PBXFileReference; lastKnownFileType = audio.mp3; path = high.mp3; sourceTree = "<group>"; };
		7E6ED10A196ED482008010B6 /* firmwares */ = {isa = PBXFileReference; lastKnownFileType = folder; path = firmwares; sourceTree = "<group>"; };
		89CF4D2BA242FBAD9F6C46E9 /* Pods.framework */ = {isa = PBXFileReference; explicitFileType = wrapper.framework; includeInIndex = 0; path = Pods.framework; sourceTree = BUILT_PRODUCTS_DIR; };
		A80462571AD670480074F116 /* AppUtilities.h */ = {isa = PBXFileReference; fileEncoding = 4; lastKnownFileType = sourcecode.c.h; path = AppUtilities.h; sourceTree = "<group>"; };
		A80462581AD670480074F116 /* AppUtilities.m */ = {isa = PBXFileReference; fileEncoding = 4; lastKnownFileType = sourcecode.c.objc; path = AppUtilities.m; sourceTree = "<group>"; };
		ACB6349B9439D9A78E406AD1 /* Pods.debug.xcconfig */ = {isa = PBXFileReference; includeInIndex = 1; lastKnownFileType = text.xcconfig; name = Pods.debug.xcconfig; path = "Pods/Target Support Files/Pods/Pods.debug.xcconfig"; sourceTree = "<group>"; };
		E06E945532289442646C4202 /* Pods.release.xcconfig */ = {isa = PBXFileReference; includeInIndex = 1; lastKnownFileType = text.xcconfig; name = Pods.release.xcconfig; path = "Pods/Target Support Files/Pods/Pods.release.xcconfig"; sourceTree = "<group>"; };
/* End PBXFileReference section */

/* Begin PBXFrameworksBuildPhase section */
		5217F3DF1859EE0000F2D5BB /* Frameworks */ = {
			isa = PBXFrameworksBuildPhase;
			buildActionMask = 2147483647;
			files = (
				522636371C60FFB00054A550 /* libz.tbd in Frameworks */,
				52BDCB191C3FD31F00E2680F /* Accelerate.framework in Frameworks */,
				52BDCBBE1C3FD86900E2680F /* QuartzCore.framework in Frameworks */,
				5217F41B1859EEF400F2D5BB /* CoreBluetooth.framework in Frameworks */,
				5217F3E81859EE0000F2D5BB /* CoreGraphics.framework in Frameworks */,
				5217F3EA1859EE0000F2D5BB /* UIKit.framework in Frameworks */,
				5217F3E61859EE0000F2D5BB /* Foundation.framework in Frameworks */,
				F427A816F7641D9828BAF315 /* Pods.framework in Frameworks */,
			);
			runOnlyForDeploymentPostprocessing = 0;
		};
		5217F4001859EE0000F2D5BB /* Frameworks */ = {
			isa = PBXFrameworksBuildPhase;
			buildActionMask = 2147483647;
			files = (
				5217F4071859EE0000F2D5BB /* UIKit.framework in Frameworks */,
				5217F4061859EE0000F2D5BB /* Foundation.framework in Frameworks */,
			);
			runOnlyForDeploymentPostprocessing = 0;
		};
/* End PBXFrameworksBuildPhase section */

/* Begin PBXGroup section */
		3069A1D21CDC76FE003869EA /* BluetoothManager */ = {
			isa = PBXGroup;
			children = (
				3069A1D61CDC788A003869EA /* NORBluetoothManager.swift */,
			);
			path = BluetoothManager;
			sourceTree = "<group>";
		};
		5214D0CF18881D0200460637 /* Utilities */ = {
			isa = PBXGroup;
			children = (
				5217F41F185B1A0800F2D5BB /* Constants.h */,
				5214D0D018881D4D00460637 /* CharacteristicReader.h */,
				5214D0D118881D4D00460637 /* CharacteristicReader.m */,
				A80462571AD670480074F116 /* AppUtilities.h */,
				A80462581AD670480074F116 /* AppUtilities.m */,
				52BDCBD81C4D1AAC00E2680F /* NSDataAsHex.h */,
				52BDCBD91C4D1AAC00E2680F /* NSDataAsHex.m */,
			);
			path = Utilities;
			sourceTree = "<group>";
		};
		5217F3D91859EE0000F2D5BB = {
			isa = PBXGroup;
			children = (
				5214D0CD1886C02A00460637 /* Settings.bundle */,
				5217F3EB1859EE0000F2D5BB /* nRF Toolbox */,
				5217F40A1859EE0000F2D5BB /* nRF ToolboxTests */,
				5217F3E41859EE0000F2D5BB /* Frameworks */,
				5217F3E31859EE0000F2D5BB /* Products */,
				82FD43C129F9082B241F1EA4 /* Pods */,
			);
			sourceTree = "<group>";
		};
		5217F3E31859EE0000F2D5BB /* Products */ = {
			isa = PBXGroup;
			children = (
				5217F3E21859EE0000F2D5BB /* nRF Toolbox.app */,
				5217F4031859EE0000F2D5BB /* nRF ToolboxTests.xctest */,
			);
			name = Products;
			sourceTree = "<group>";
		};
		5217F3E41859EE0000F2D5BB /* Frameworks */ = {
			isa = PBXGroup;
			children = (
				522636361C60FFB00054A550 /* libz.tbd */,
				52BDCBBD1C3FD86900E2680F /* QuartzCore.framework */,
				52BDCB181C3FD31F00E2680F /* Accelerate.framework */,
				5217F41A1859EEF400F2D5BB /* CoreBluetooth.framework */,
				5217F3E51859EE0000F2D5BB /* Foundation.framework */,
				5217F3E71859EE0000F2D5BB /* CoreGraphics.framework */,
				5217F3E91859EE0000F2D5BB /* UIKit.framework */,
				89CF4D2BA242FBAD9F6C46E9 /* Pods.framework */,
			);
			name = Frameworks;
			sourceTree = "<group>";
		};
		5217F3EB1859EE0000F2D5BB /* nRF Toolbox */ = {
			isa = PBXGroup;
			children = (
				A8F1142619C1B7EC007F956E /* StoryBoard */,
				3069A1D21CDC76FE003869EA /* BluetoothManager */,
				A85667E31B2233A3004A6D3C /* MainViewController */,
				5236E166187EA7AA0057E974 /* Scanner */,
				5252A533188025EC00EFD773 /* BGM */,
				5252A53718802B6D00EFD773 /* BPM */,
				5285D9A61890031F00305F1D /* CSC */,
				5252A53B18802F6300EFD773 /* DFU */,
				5236E164187EA7850057E974 /* HRM */,
				5236E165187EA7930057E974 /* HTS */,
				5252A53F1880307D00EFD773 /* PROXIMITY */,
				5236E163187EA76B0057E974 /* RSC */,
				A86A78491AB8537200823AAB /* UART */,
				52BDCBD11C491C0B00E2680F /* BaseViewController */,
				5214D0CF18881D0200460637 /* Utilities */,
				5217F3F41859EE0000F2D5BB /* AppDelegate.h */,
				5217F3F51859EE0000F2D5BB /* AppDelegate.m */,
				5217F3FD1859EE0000F2D5BB /* Images.xcassets */,
				5217F3EC1859EE0000F2D5BB /* Supporting Files */,
			);
			path = "nRF Toolbox";
			sourceTree = "<group>";
		};
		5217F3EC1859EE0000F2D5BB /* Supporting Files */ = {
			isa = PBXGroup;
			children = (
				A85667DD1B222AA7004A6D3C /* AppImages */,
				7E1B422818A8DF4D006BA1BC /* high.mp3 */,
				5217F3ED1859EE0000F2D5BB /* nRF Toolbox-Info.plist */,
				5217F3EE1859EE0000F2D5BB /* InfoPlist.strings */,
				5217F3F11859EE0000F2D5BB /* main.m */,
				5217F3F31859EE0000F2D5BB /* nRF Toolbox-Prefix.pch */,
			);
			name = "Supporting Files";
			sourceTree = "<group>";
		};
		5217F40A1859EE0000F2D5BB /* nRF ToolboxTests */ = {
			isa = PBXGroup;
			children = (
				5217F4101859EE0000F2D5BB /* nRF_ToolboxTests.m */,
				5217F40B1859EE0000F2D5BB /* Supporting Files */,
			);
			path = "nRF ToolboxTests";
			sourceTree = "<group>";
		};
		5217F40B1859EE0000F2D5BB /* Supporting Files */ = {
			isa = PBXGroup;
			children = (
				5217F40C1859EE0000F2D5BB /* nRF ToolboxTests-Info.plist */,
				5217F40D1859EE0000F2D5BB /* InfoPlist.strings */,
			);
			name = "Supporting Files";
			sourceTree = "<group>";
		};
		522636281C5261C90054A550 /* File Type Selection */ = {
			isa = PBXGroup;
			children = (
				30499E4C1CE4687300E0993B /* NORFileTypeSelectionDelegate.swift */,
				30499E4E1CE4688700E0993B /* NORFileTypeViewController.swift */,
			);
			name = "File Type Selection";
			sourceTree = "<group>";
		};
		5226362B1C5A5FE10054A550 /* Tutorial */ = {
			isa = PBXGroup;
			children = (
				304299231CE6114000E1D2AB /* NORTutorialViewController.swift */,
			);
			name = Tutorial;
			sourceTree = "<group>";
		};
		5236E163187EA76B0057E974 /* RSC */ = {
			isa = PBXGroup;
			children = (
				300508941CE2078A00D93BE0 /* NORRSCViewController.swift */,
			);
			name = RSC;
			path = RSAC;
			sourceTree = "<group>";
		};
		5236E164187EA7850057E974 /* HRM */ = {
			isa = PBXGroup;
			children = (
				30F92D4A1CD9CF0700C73285 /* NORHRMViewController.swift */,
			);
			name = HRM;
			path = HRS;
			sourceTree = "<group>";
		};
		5236E165187EA7930057E974 /* HTS */ = {
			isa = PBXGroup;
			children = (
				308EE1771CE0CBF700F2A854 /* NORHTSViewController.swift */,
			);
			path = HTS;
			sourceTree = "<group>";
		};
		5236E166187EA7AA0057E974 /* Scanner */ = {
			isa = PBXGroup;
			children = (
				30A114551CD2367C000F0F02 /* NORScannedPeripheral.swift */,
				30A114591CD2426B000F0F02 /* NORScannerDelegate.swift */,
				30A1145B1CD24611000F0F02 /* NORScannerViewController.swift */,
			);
			path = Scanner;
			sourceTree = "<group>";
		};
		524F2CDC18897D18008A8555 /* Model */ = {
			isa = PBXGroup;
			children = (
				308AA5791CD8DD4300CC9857 /* NORGlucoseReadingContext.swift */,
				308AA5771CD8AF6B00CC9857 /* NORGlucoseReading.swift */,
				5285D9A5188D43E500305F1D /* RecordAccess.h */,
			);
			name = Model;
			sourceTree = "<group>";
		};
		5252A533188025EC00EFD773 /* BGM */ = {
			isa = PBXGroup;
			children = (
				524F2CDC18897D18008A8555 /* Model */,
				305E07B41CD3534D00B32EB2 /* NORBGMDetailsViewController.swift */,
				305E07B61CD3608500B32EB2 /* NORBGMViewController.swift */,
				308AA5751CD8A7B400CC9857 /* NORBGMItemCell.swift */,
			);
			path = BGM;
			sourceTree = "<group>";
		};
		5252A53718802B6D00EFD773 /* BPM */ = {
			isa = PBXGroup;
			children = (
				3010F6041CDCB4F900CB285A /* NORBPMViewController.swift */,
			);
			path = BPM;
			sourceTree = "<group>";
		};
		5252A53B18802F6300EFD773 /* DFU */ = {
			isa = PBXGroup;
			children = (
				A85667E21B2230CA004A6D3C /* DFUViewController */,
				7E996869197FB8FD0092E69E /* Constants */,
				522636281C5261C90054A550 /* File Type Selection */,
				7E6ED10C197D1D40008010B6 /* File Selection */,
				7E6ED10A196ED482008010B6 /* firmwares */,
			);
			path = DFU;
			sourceTree = "<group>";
		};
		5252A53F1880307D00EFD773 /* PROXIMITY */ = {
			isa = PBXGroup;
			children = (
				300508921CE1D75800D93BE0 /* NORProximityViewController.swift */,
			);
			path = PROXIMITY;
			sourceTree = "<group>";
		};
		5285D9A61890031F00305F1D /* CSC */ = {
			isa = PBXGroup;
			children = (
				3080C4701CE06D0E009C2D8C /* NORCSCViewController.swift */,
			);
			path = CSC;
			sourceTree = "<group>";
		};
		52BDCBD11C491C0B00E2680F /* BaseViewController */ = {
			isa = PBXGroup;
			children = (
				52BDCBC71C48FDB800E2680F /* BaseViewController.h */,
				52BDCBC81C48FDB800E2680F /* BaseViewController.m */,
				3000B20E1CE3169F00F64CEE /* NORBaseRevealViewController.swift */,
			);
			name = BaseViewController;
			sourceTree = "<group>";
		};
		52BDCBE31C4F953C00E2680F /* Logger */ = {
			isa = PBXGroup;
			children = (
				304D58FA1CE34EE600148271 /* NORLogger.swift */,
				304D58FC1CE34FC600148271 /* NORLogViewController.swift */,
				304D58FE1CE3521900148271 /* NORLogItem.swift */,
				304D59001CE352B300148271 /* NORLogItemTableViewCell.swift */,
			);
			name = Logger;
			sourceTree = "<group>";
		};
		7E6ED10C197D1D40008010B6 /* File Selection */ = {
			isa = PBXGroup;
			children = (
				30499E541CE4732200E0993B /* NORFileSelectionDelegate.swift */,
				30499E561CE4736500E0993B /* NORFilePreselectionDelegate.swift */,
				30499E581CE4A07700E0993B /* NORAppFilesViewController.swift */,
				30499E5C1CE4C6C700E0993B /* NORFolderFilesViewController.swift */,
				304299211CE5DE8E00E1D2AB /* NORUserFilesViewController.swift */,
				5226362B1C5A5FE10054A550 /* Tutorial */,
			);
			name = "File Selection";
			path = FileSelection;
			sourceTree = "<group>";
		};
		7E996869197FB8FD0092E69E /* Constants */ = {
			isa = PBXGroup;
			children = (
				30499E4A1CE4667800E0993B /* NORDFUConstantsUtility.swift */,
			);
			path = Constants;
			sourceTree = "<group>";
		};
		82FD43C129F9082B241F1EA4 /* Pods */ = {
			isa = PBXGroup;
			children = (
				ACB6349B9439D9A78E406AD1 /* Pods.debug.xcconfig */,
				E06E945532289442646C4202 /* Pods.release.xcconfig */,
			);
			name = Pods;
			sourceTree = "<group>";
		};
		A85667DD1B222AA7004A6D3C /* AppImages */ = {
			isa = PBXGroup;
			children = (
				5211EFAA1885642F007CC40D /* icon-dfu-64.png */,
				5211EFAB1885642F007CC40D /* icon-dfu-320.png */,
				5211EFAC1885642F007CC40D /* icon-hex.png */,
				5211EFAD1885642F007CC40D /* icon-hex@2x.png */,
			);
			path = AppImages;
			sourceTree = "<group>";
		};
		A85667E21B2230CA004A6D3C /* DFUViewController */ = {
			isa = PBXGroup;
			children = (
				30499E501CE471C500E0993B /* NORDFUViewController.swift */,
			);
			path = DFUViewController;
			sourceTree = "<group>";
		};
		A85667E31B2233A3004A6D3C /* MainViewController */ = {
			isa = PBXGroup;
			children = (
				30921FD21CD0E7A5009CBDDE /* NORNavigationController.swift */,
				30921FD11CD0E7A5009CBDDE /* nRF Toolbox-Bridging-Header.h */,
				30921FD41CD0EB55009CBDDE /* NORMainViewController.swift */,
			);
			path = MainViewController;
			sourceTree = "<group>";
		};
		A86A78491AB8537200823AAB /* UART */ = {
			isa = PBXGroup;
			children = (
				52BDCBE31C4F953C00E2680F /* Logger */,
				3000B2101CE317D900F64CEE /* NORUARTRevealViewController.swift */,
				3000B2121CE3195E00F64CEE /* NOREditPopupViewController.swift */,
				3000B2141CE32A9200F64CEE /* NORUARTViewController.swift */,
			);
			path = UART;
			sourceTree = "<group>";
		};
		A8F1142619C1B7EC007F956E /* StoryBoard */ = {
			isa = PBXGroup;
			children = (
				5217F3F71859EE0000F2D5BB /* Main.storyboard */,
				52BDCBC51C47C2C300E2680F /* Launch Screen.storyboard */,
			);
			name = StoryBoard;
			sourceTree = "<group>";
		};
/* End PBXGroup section */

/* Begin PBXNativeTarget section */
		5217F3E11859EE0000F2D5BB /* nRF Toolbox */ = {
			isa = PBXNativeTarget;
			buildConfigurationList = 5217F4141859EE0000F2D5BB /* Build configuration list for PBXNativeTarget "nRF Toolbox" */;
			buildPhases = (
				3D67FCC5063B2F15BC7E4818 /* Check Pods Manifest.lock */,
				5217F3DE1859EE0000F2D5BB /* Sources */,
				5217F3DF1859EE0000F2D5BB /* Frameworks */,
				5217F3E01859EE0000F2D5BB /* Resources */,
				0E645A0E1CBF943000D36AD0 /* Embed Frameworks */,
				C4839E5308C58C95DBC142C1 /* Embed Pods Frameworks */,
				657DD9F94121A556956BBC5C /* Copy Pods Resources */,
			);
			buildRules = (
			);
			dependencies = (
			);
			name = "nRF Toolbox";
			productName = "nRF Toolbox";
			productReference = 5217F3E21859EE0000F2D5BB /* nRF Toolbox.app */;
			productType = "com.apple.product-type.application";
		};
		5217F4021859EE0000F2D5BB /* nRF ToolboxTests */ = {
			isa = PBXNativeTarget;
			buildConfigurationList = 5217F4171859EE0000F2D5BB /* Build configuration list for PBXNativeTarget "nRF ToolboxTests" */;
			buildPhases = (
				5217F3FF1859EE0000F2D5BB /* Sources */,
				5217F4001859EE0000F2D5BB /* Frameworks */,
				5217F4011859EE0000F2D5BB /* Resources */,
			);
			buildRules = (
			);
			dependencies = (
				5217F4091859EE0000F2D5BB /* PBXTargetDependency */,
			);
			name = "nRF ToolboxTests";
			productName = "nRF ToolboxTests";
			productReference = 5217F4031859EE0000F2D5BB /* nRF ToolboxTests.xctest */;
			productType = "com.apple.product-type.bundle.unit-test";
		};
/* End PBXNativeTarget section */

/* Begin PBXProject section */
		5217F3DA1859EE0000F2D5BB /* Project object */ = {
			isa = PBXProject;
			attributes = {
				LastUpgradeCheck = 0730;
				ORGANIZATIONNAME = "Nordic Semiconductor";
				TargetAttributes = {
					5217F3E11859EE0000F2D5BB = {
						DevelopmentTeam = P3R8YQEV4L;
						SystemCapabilities = {
							com.apple.BackgroundModes = {
								enabled = 1;
							};
						};
					};
					5217F4021859EE0000F2D5BB = {
						TestTargetID = 5217F3E11859EE0000F2D5BB;
					};
				};
			};
			buildConfigurationList = 5217F3DD1859EE0000F2D5BB /* Build configuration list for PBXProject "nRF Toolbox" */;
			compatibilityVersion = "Xcode 3.2";
			developmentRegion = English;
			hasScannedForEncodings = 0;
			knownRegions = (
				en,
				Base,
			);
			mainGroup = 5217F3D91859EE0000F2D5BB;
			productRefGroup = 5217F3E31859EE0000F2D5BB /* Products */;
			projectDirPath = "";
			projectRoot = "";
			targets = (
				5217F3E11859EE0000F2D5BB /* nRF Toolbox */,
				5217F4021859EE0000F2D5BB /* nRF ToolboxTests */,
			);
		};
/* End PBXProject section */

/* Begin PBXResourcesBuildPhase section */
		5217F3E01859EE0000F2D5BB /* Resources */ = {
			isa = PBXResourcesBuildPhase;
			buildActionMask = 2147483647;
			files = (
				5214D0CE1886C02A00460637 /* Settings.bundle in Resources */,
				0E645A0F1CBF957800D36AD0 /* firmwares in Resources */,
				5217F3FE1859EE0000F2D5BB /* Images.xcassets in Resources */,
				7E1B422918A8DF4D006BA1BC /* high.mp3 in Resources */,
				52BDCBC61C47C2C300E2680F /* Launch Screen.storyboard in Resources */,
				5211EFAE18856430007CC40D /* icon-dfu-64.png in Resources */,
				5217F3F01859EE0000F2D5BB /* InfoPlist.strings in Resources */,
				5211EFB118856430007CC40D /* icon-hex@2x.png in Resources */,
				5217F3F91859EE0000F2D5BB /* Main.storyboard in Resources */,
				5211EFAF18856430007CC40D /* icon-dfu-320.png in Resources */,
				5211EFB018856430007CC40D /* icon-hex.png in Resources */,
			);
			runOnlyForDeploymentPostprocessing = 0;
		};
		5217F4011859EE0000F2D5BB /* Resources */ = {
			isa = PBXResourcesBuildPhase;
			buildActionMask = 2147483647;
			files = (
				5217F40F1859EE0000F2D5BB /* InfoPlist.strings in Resources */,
			);
			runOnlyForDeploymentPostprocessing = 0;
		};
/* End PBXResourcesBuildPhase section */

/* Begin PBXShellScriptBuildPhase section */
		3D67FCC5063B2F15BC7E4818 /* Check Pods Manifest.lock */ = {
			isa = PBXShellScriptBuildPhase;
			buildActionMask = 2147483647;
			files = (
			);
			inputPaths = (
			);
			name = "Check Pods Manifest.lock";
			outputPaths = (
			);
			runOnlyForDeploymentPostprocessing = 0;
			shellPath = /bin/sh;
			shellScript = "diff \"${PODS_ROOT}/../Podfile.lock\" \"${PODS_ROOT}/Manifest.lock\" > /dev/null\nif [[ $? != 0 ]] ; then\n    cat << EOM\nerror: The sandbox is not in sync with the Podfile.lock. Run 'pod install' or update your CocoaPods installation.\nEOM\n    exit 1\nfi\n";
			showEnvVarsInLog = 0;
		};
		657DD9F94121A556956BBC5C /* Copy Pods Resources */ = {
			isa = PBXShellScriptBuildPhase;
			buildActionMask = 2147483647;
			files = (
			);
			inputPaths = (
			);
			name = "Copy Pods Resources";
			outputPaths = (
			);
			runOnlyForDeploymentPostprocessing = 0;
			shellPath = /bin/sh;
			shellScript = "\"${SRCROOT}/Pods/Target Support Files/Pods/Pods-resources.sh\"\n";
			showEnvVarsInLog = 0;
		};
		C4839E5308C58C95DBC142C1 /* Embed Pods Frameworks */ = {
			isa = PBXShellScriptBuildPhase;
			buildActionMask = 2147483647;
			files = (
			);
			inputPaths = (
			);
			name = "Embed Pods Frameworks";
			outputPaths = (
			);
			runOnlyForDeploymentPostprocessing = 0;
			shellPath = /bin/sh;
			shellScript = "\"${SRCROOT}/Pods/Target Support Files/Pods/Pods-frameworks.sh\"\n";
			showEnvVarsInLog = 0;
		};
/* End PBXShellScriptBuildPhase section */

/* Begin PBXSourcesBuildPhase section */
		5217F3DE1859EE0000F2D5BB /* Sources */ = {
			isa = PBXSourcesBuildPhase;
			buildActionMask = 2147483647;
			files = (
				304299221CE5DE8E00E1D2AB /* NORUserFilesViewController.swift in Sources */,
				30499E5D1CE4C6C700E0993B /* NORFolderFilesViewController.swift in Sources */,
				30499E551CE4732200E0993B /* NORFileSelectionDelegate.swift in Sources */,
				A80462591AD670480074F116 /* AppUtilities.m in Sources */,
				30F92D4B1CD9CF0700C73285 /* NORHRMViewController.swift in Sources */,
				304D58FD1CE34FC600148271 /* NORLogViewController.swift in Sources */,
				30499E571CE4736500E0993B /* NORFilePreselectionDelegate.swift in Sources */,
				30A1145C1CD24611000F0F02 /* NORScannerViewController.swift in Sources */,
				308AA57A1CD8DD4300CC9857 /* NORGlucoseReadingContext.swift in Sources */,
				305E07B71CD3608500B32EB2 /* NORBGMViewController.swift in Sources */,
				305E07B51CD3534D00B32EB2 /* NORBGMDetailsViewController.swift in Sources */,
				304D58FF1CE3521900148271 /* NORLogItem.swift in Sources */,
				5217F3F61859EE0000F2D5BB /* AppDelegate.m in Sources */,
				5217F3F21859EE0000F2D5BB /* main.m in Sources */,
				30499E4B1CE4667800E0993B /* NORDFUConstantsUtility.swift in Sources */,
				3010F6051CDCB4F900CB285A /* NORBPMViewController.swift in Sources */,
				3000B2131CE3195E00F64CEE /* NOREditPopupViewController.swift in Sources */,
				304D59011CE352B300148271 /* NORLogItemTableViewCell.swift in Sources */,
				3080C4711CE06D0E009C2D8C /* NORCSCViewController.swift in Sources */,
				308EE1781CE0CBF700F2A854 /* NORHTSViewController.swift in Sources */,
				304D58FB1CE34EE600148271 /* NORLogger.swift in Sources */,
				304299241CE6114000E1D2AB /* NORTutorialViewController.swift in Sources */,
				30499E511CE471C500E0993B /* NORDFUViewController.swift in Sources */,
				52BDCBC91C48FDB800E2680F /* BaseViewController.m in Sources */,
				3000B2151CE32A9200F64CEE /* NORUARTViewController.swift in Sources */,
				308AA5781CD8AF6B00CC9857 /* NORGlucoseReading.swift in Sources */,
				300508951CE2078A00D93BE0 /* NORRSCViewController.swift in Sources */,
				30A1145A1CD2426B000F0F02 /* NORScannerDelegate.swift in Sources */,
				52BDCBDA1C4D1AAC00E2680F /* NSDataAsHex.m in Sources */,
				3069A1D71CDC788A003869EA /* NORBluetoothManager.swift in Sources */,
				300508931CE1D75800D93BE0 /* NORProximityViewController.swift in Sources */,
				30921FD31CD0E7A5009CBDDE /* NORNavigationController.swift in Sources */,
				30A114561CD2367C000F0F02 /* NORScannedPeripheral.swift in Sources */,
				30499E4D1CE4687300E0993B /* NORFileTypeSelectionDelegate.swift in Sources */,
				308AA5761CD8A7B400CC9857 /* NORBGMItemCell.swift in Sources */,
				5214D0D218881D4D00460637 /* CharacteristicReader.m in Sources */,
				30921FD51CD0EB55009CBDDE /* NORMainViewController.swift in Sources */,
				30499E591CE4A07700E0993B /* NORAppFilesViewController.swift in Sources */,
				30499E4F1CE4688700E0993B /* NORFileTypeViewController.swift in Sources */,
				3000B2111CE317D900F64CEE /* NORUARTRevealViewController.swift in Sources */,
				3000B20F1CE3169F00F64CEE /* NORBaseRevealViewController.swift in Sources */,
			);
			runOnlyForDeploymentPostprocessing = 0;
		};
		5217F3FF1859EE0000F2D5BB /* Sources */ = {
			isa = PBXSourcesBuildPhase;
			buildActionMask = 2147483647;
			files = (
				5217F4111859EE0000F2D5BB /* nRF_ToolboxTests.m in Sources */,
			);
			runOnlyForDeploymentPostprocessing = 0;
		};
/* End PBXSourcesBuildPhase section */

/* Begin PBXTargetDependency section */
		5217F4091859EE0000F2D5BB /* PBXTargetDependency */ = {
			isa = PBXTargetDependency;
			target = 5217F3E11859EE0000F2D5BB /* nRF Toolbox */;
			targetProxy = 5217F4081859EE0000F2D5BB /* PBXContainerItemProxy */;
		};
/* End PBXTargetDependency section */

/* Begin PBXVariantGroup section */
		5217F3EE1859EE0000F2D5BB /* InfoPlist.strings */ = {
			isa = PBXVariantGroup;
			children = (
				5217F3EF1859EE0000F2D5BB /* en */,
			);
			name = InfoPlist.strings;
			sourceTree = "<group>";
		};
		5217F3F71859EE0000F2D5BB /* Main.storyboard */ = {
			isa = PBXVariantGroup;
			children = (
				5217F3F81859EE0000F2D5BB /* Base */,
			);
			name = Main.storyboard;
			sourceTree = "<group>";
		};
		5217F40D1859EE0000F2D5BB /* InfoPlist.strings */ = {
			isa = PBXVariantGroup;
			children = (
				5217F40E1859EE0000F2D5BB /* en */,
			);
			name = InfoPlist.strings;
			sourceTree = "<group>";
		};
/* End PBXVariantGroup section */

/* Begin XCBuildConfiguration section */
		5217F4121859EE0000F2D5BB /* Debug */ = {
			isa = XCBuildConfiguration;
			buildSettings = {
				ALWAYS_SEARCH_USER_PATHS = NO;
				"ARCHS[sdk=*]" = "$(ARCHS_STANDARD)";
				CLANG_CXX_LANGUAGE_STANDARD = "gnu++0x";
				CLANG_CXX_LIBRARY = "libc++";
				CLANG_ENABLE_MODULES = YES;
				CLANG_ENABLE_OBJC_ARC = YES;
				CLANG_WARN_BOOL_CONVERSION = YES;
				CLANG_WARN_CONSTANT_CONVERSION = YES;
				CLANG_WARN_DIRECT_OBJC_ISA_USAGE = YES_ERROR;
				CLANG_WARN_EMPTY_BODY = YES;
				CLANG_WARN_ENUM_CONVERSION = YES;
				CLANG_WARN_INT_CONVERSION = YES;
				CLANG_WARN_OBJC_ROOT_CLASS = YES_ERROR;
				CLANG_WARN__DUPLICATE_METHOD_MATCH = YES;
				CODE_SIGN_IDENTITY = "iPhone Developer";
				COPY_PHASE_STRIP = NO;
				EMBEDDED_CONTENT_CONTAINS_SWIFT = YES;
				ENABLE_BITCODE = NO;
				ENABLE_TESTABILITY = YES;
				GCC_C_LANGUAGE_STANDARD = gnu99;
				GCC_DYNAMIC_NO_PIC = NO;
				GCC_OPTIMIZATION_LEVEL = 0;
				GCC_PREPROCESSOR_DEFINITIONS = (
					"DEBUG=1",
					"$(inherited)",
				);
				GCC_SYMBOLS_PRIVATE_EXTERN = NO;
				GCC_WARN_64_TO_32_BIT_CONVERSION = YES;
				GCC_WARN_ABOUT_RETURN_TYPE = YES_ERROR;
				GCC_WARN_UNDECLARED_SELECTOR = YES;
				GCC_WARN_UNINITIALIZED_AUTOS = YES;
				GCC_WARN_UNUSED_FUNCTION = YES;
				GCC_WARN_UNUSED_VARIABLE = YES;
				IPHONEOS_DEPLOYMENT_TARGET = 8.0;
				ONLY_ACTIVE_ARCH = YES;
				PROVISIONING_PROFILE = "";
				SDKROOT = iphoneos;
				VALIDATE_PRODUCT = YES;
				VALID_ARCHS = "arm64 armv7 armv7s";
			};
			name = Debug;
		};
		5217F4131859EE0000F2D5BB /* Release */ = {
			isa = XCBuildConfiguration;
			buildSettings = {
				ALWAYS_SEARCH_USER_PATHS = NO;
				"ARCHS[sdk=*]" = "$(ARCHS_STANDARD)";
				CLANG_CXX_LANGUAGE_STANDARD = "gnu++0x";
				CLANG_CXX_LIBRARY = "libc++";
				CLANG_ENABLE_MODULES = YES;
				CLANG_ENABLE_OBJC_ARC = YES;
				CLANG_WARN_BOOL_CONVERSION = YES;
				CLANG_WARN_CONSTANT_CONVERSION = YES;
				CLANG_WARN_DIRECT_OBJC_ISA_USAGE = YES_ERROR;
				CLANG_WARN_EMPTY_BODY = YES;
				CLANG_WARN_ENUM_CONVERSION = YES;
				CLANG_WARN_INT_CONVERSION = YES;
				CLANG_WARN_OBJC_ROOT_CLASS = YES_ERROR;
				CLANG_WARN__DUPLICATE_METHOD_MATCH = YES;
				CODE_SIGN_IDENTITY = "iPhone Distribution";
				COPY_PHASE_STRIP = YES;
				EMBEDDED_CONTENT_CONTAINS_SWIFT = YES;
				ENABLE_BITCODE = NO;
				ENABLE_NS_ASSERTIONS = NO;
				GCC_C_LANGUAGE_STANDARD = gnu99;
				GCC_WARN_64_TO_32_BIT_CONVERSION = YES;
				GCC_WARN_ABOUT_RETURN_TYPE = YES_ERROR;
				GCC_WARN_UNDECLARED_SELECTOR = YES;
				GCC_WARN_UNINITIALIZED_AUTOS = YES;
				GCC_WARN_UNUSED_FUNCTION = YES;
				GCC_WARN_UNUSED_VARIABLE = YES;
				IPHONEOS_DEPLOYMENT_TARGET = 8.0;
				ONLY_ACTIVE_ARCH = NO;
				PROVISIONING_PROFILE = "";
				SDKROOT = iphoneos;
				VALIDATE_PRODUCT = YES;
				VALID_ARCHS = "arm64 armv7 armv7s";
			};
			name = Release;
		};
		5217F4151859EE0000F2D5BB /* Debug */ = {
			isa = XCBuildConfiguration;
			baseConfigurationReference = ACB6349B9439D9A78E406AD1 /* Pods.debug.xcconfig */;
			buildSettings = {
				ALWAYS_SEARCH_USER_PATHS = NO;
				ASSETCATALOG_COMPILER_APPICON_NAME = AppIcon;
				CLANG_ENABLE_MODULES = YES;
				CODE_SIGN_IDENTITY = "iPhone Developer";
				DEFINES_MODULE = NO;
				EMBEDDED_CONTENT_CONTAINS_SWIFT = "$(inherited)";
				ENABLE_BITCODE = YES;
				FRAMEWORK_SEARCH_PATHS = (
					"$(inherited)",
					"$(PROJECT_DIR)",
					"$(PODS_ROOT)",
				);
				GCC_PRECOMPILE_PREFIX_HEADER = YES;
				GCC_PREFIX_HEADER = "nRF Toolbox/nRF Toolbox-Prefix.pch";
				INFOPLIST_FILE = "nRF Toolbox/nRF Toolbox-Info.plist";
				IPHONEOS_DEPLOYMENT_TARGET = 8.0;
				LD_RUNPATH_SEARCH_PATHS = "$(inherited) @executable_path/Frameworks";
				LIBRARY_SEARCH_PATHS = (
					"$(inherited)",
					"$(PROJECT_DIR)",
					"$(PODS_ROOT)",
				);
				ONLY_ACTIVE_ARCH = YES;
				OTHER_LDFLAGS = (
					"$(inherited)",
					"-framework",
					"\"EVReflection\"",
					"-framework",
					"\"Zip\"",
					"-framework",
					"\"iOSDFULibrary\"",
					"-ObjC",
				);
				PRODUCT_BUNDLE_IDENTIFIER = "com.nordicsemi.$(PRODUCT_NAME:rfc1034identifier)";
				PRODUCT_NAME = "$(TARGET_NAME)";
				PROVISIONING_PROFILE = "";
				SWIFT_OBJC_BRIDGING_HEADER = "nRF Toolbox/MainViewController/nRF Toolbox-Bridging-Header.h";
				SWIFT_OPTIMIZATION_LEVEL = "-Onone";
				TARGETED_DEVICE_FAMILY = "1,2";
				VALID_ARCHS = "$(VALID_ARCHS)";
				WRAPPER_EXTENSION = app;
			};
			name = Debug;
		};
		5217F4161859EE0000F2D5BB /* Release */ = {
			isa = XCBuildConfiguration;
			baseConfigurationReference = E06E945532289442646C4202 /* Pods.release.xcconfig */;
			buildSettings = {
				ALWAYS_SEARCH_USER_PATHS = NO;
				ASSETCATALOG_COMPILER_APPICON_NAME = AppIcon;
				CLANG_ENABLE_MODULES = YES;
				CODE_SIGN_IDENTITY = "iPhone Distribution";
				DEFINES_MODULE = NO;
				EMBEDDED_CONTENT_CONTAINS_SWIFT = "$(inherited)";
				ENABLE_BITCODE = YES;
				FRAMEWORK_SEARCH_PATHS = (
					"$(inherited)",
					"$(PROJECT_DIR)",
					"$(PODS_ROOT)",
				);
				GCC_PRECOMPILE_PREFIX_HEADER = YES;
				GCC_PREFIX_HEADER = "nRF Toolbox/nRF Toolbox-Prefix.pch";
				INFOPLIST_FILE = "nRF Toolbox/nRF Toolbox-Info.plist";
				IPHONEOS_DEPLOYMENT_TARGET = 8.0;
				LD_RUNPATH_SEARCH_PATHS = "$(inherited) @executable_path/Frameworks";
				LIBRARY_SEARCH_PATHS = (
					"$(inherited)",
					"$(PROJECT_DIR)",
					"$(PODS_ROOT)",
				);
				ONLY_ACTIVE_ARCH = NO;
				OTHER_LDFLAGS = (
					"$(inherited)",
					"-framework",
					"\"EVReflection\"",
					"-framework",
					"\"Zip\"",
					"-framework",
					"\"iOSDFULibrary\"",
					"-ObjC",
				);
				PRODUCT_BUNDLE_IDENTIFIER = "com.nordicsemi.$(PRODUCT_NAME:rfc1034identifier)";
				PRODUCT_NAME = "$(TARGET_NAME)";
				PROVISIONING_PROFILE = "";
				SWIFT_OBJC_BRIDGING_HEADER = "nRF Toolbox/MainViewController/nRF Toolbox-Bridging-Header.h";
				TARGETED_DEVICE_FAMILY = "1,2";
				VALID_ARCHS = "$(VALID_ARCHS)";
				WRAPPER_EXTENSION = app;
			};
			name = Release;
		};
		5217F4181859EE0000F2D5BB /* Debug */ = {
			isa = XCBuildConfiguration;
			buildSettings = {
				BUNDLE_LOADER = "$(BUILT_PRODUCTS_DIR)/nRF Toolbox.app/nRF Toolbox";
				FRAMEWORK_SEARCH_PATHS = (
					"$(SDKROOT)/Developer/Library/Frameworks",
					"$(inherited)",
					"$(DEVELOPER_FRAMEWORKS_DIR)",
				);
				GCC_PRECOMPILE_PREFIX_HEADER = YES;
				GCC_PREFIX_HEADER = "nRF Toolbox/nRF Toolbox-Prefix.pch";
				GCC_PREPROCESSOR_DEFINITIONS = (
					"DEBUG=1",
					"$(inherited)",
				);
				INFOPLIST_FILE = "nRF ToolboxTests/nRF ToolboxTests-Info.plist";
				PRODUCT_BUNDLE_IDENTIFIER = "no.nordicsemi.ios.${PRODUCT_NAME:rfc1034identifier}";
				PRODUCT_NAME = "$(TARGET_NAME)";
				TEST_HOST = "$(BUNDLE_LOADER)";
				WRAPPER_EXTENSION = xctest;
			};
			name = Debug;
		};
		5217F4191859EE0000F2D5BB /* Release */ = {
			isa = XCBuildConfiguration;
			buildSettings = {
				BUNDLE_LOADER = "$(BUILT_PRODUCTS_DIR)/nRF Toolbox.app/nRF Toolbox";
				FRAMEWORK_SEARCH_PATHS = (
					"$(SDKROOT)/Developer/Library/Frameworks",
					"$(inherited)",
					"$(DEVELOPER_FRAMEWORKS_DIR)",
				);
				GCC_PRECOMPILE_PREFIX_HEADER = YES;
				GCC_PREFIX_HEADER = "nRF Toolbox/nRF Toolbox-Prefix.pch";
				INFOPLIST_FILE = "nRF ToolboxTests/nRF ToolboxTests-Info.plist";
				PRODUCT_BUNDLE_IDENTIFIER = "no.nordicsemi.ios.${PRODUCT_NAME:rfc1034identifier}";
				PRODUCT_NAME = "$(TARGET_NAME)";
				TEST_HOST = "$(BUNDLE_LOADER)";
				WRAPPER_EXTENSION = xctest;
			};
			name = Release;
		};
/* End XCBuildConfiguration section */

/* Begin XCConfigurationList section */
		5217F3DD1859EE0000F2D5BB /* Build configuration list for PBXProject "nRF Toolbox" */ = {
			isa = XCConfigurationList;
			buildConfigurations = (
				5217F4121859EE0000F2D5BB /* Debug */,
				5217F4131859EE0000F2D5BB /* Release */,
			);
			defaultConfigurationIsVisible = 0;
			defaultConfigurationName = Release;
		};
		5217F4141859EE0000F2D5BB /* Build configuration list for PBXNativeTarget "nRF Toolbox" */ = {
			isa = XCConfigurationList;
			buildConfigurations = (
				5217F4151859EE0000F2D5BB /* Debug */,
				5217F4161859EE0000F2D5BB /* Release */,
			);
			defaultConfigurationIsVisible = 0;
			defaultConfigurationName = Release;
		};
		5217F4171859EE0000F2D5BB /* Build configuration list for PBXNativeTarget "nRF ToolboxTests" */ = {
			isa = XCConfigurationList;
			buildConfigurations = (
				5217F4181859EE0000F2D5BB /* Debug */,
				5217F4191859EE0000F2D5BB /* Release */,
			);
			defaultConfigurationIsVisible = 0;
			defaultConfigurationName = Release;
		};
/* End XCConfigurationList section */
	};
	rootObject = 5217F3DA1859EE0000F2D5BB /* Project object */;
}
