{
  "pins" : [
    {
      "identity" : "aexml",
      "kind" : "remoteSourceControl",
      "location" : "https://github.com/tadija/AEXML.git",
      "state" : {
        "revision" : "db806756c989760b35108146381535aec231092b",
        "version" : "4.7.0"
      }
    },
    {
      "identity" : "corebluetoothmock-collection",
      "kind" : "remoteSourceControl",
      "location" : "https://github.com/NickKibish/CoreBluetoothMock-Collection.git",
      "state" : {
        "branch" : "main",
        "revision" : "4499ea7ecaec704c42899cc1a6857a565241b375"
      }
    },
    {
      "identity" : "ios-bluetooth-numbers-database",
      "kind" : "remoteSourceControl",
      "location" : "https://github.com/NickKibish/iOS-Bluetooth-Numbers-Database.git",
      "state" : {
        "revision" : "40ae8d7050d16fc2603c314dd560a7992c35f56f",
        "version" : "1.0.0"
      }
    },
    {
      "identity" : "ios-common-libraries",
      "kind" : "remoteSourceControl",
      "location" : "https://github.com/NordicPlayground/IOS-Common-Libraries.git",
      "state" : {
        "branch" : "main",
        "revision" : "52e0b572277f9ee870cc4b8070d00045f9087e4b"
      }
    },
    {
      "identity" : "ios-dfu-library",
      "kind" : "remoteSourceControl",
      "location" : "https://github.com/NordicSemiconductor/IOS-DFU-Library.git",
      "state" : {
        "branch" : "main",
        "revision" : "2db0d4f26a4812dfb7553e50e2a10f53f7b95114"
      }
    },
    {
      "identity" : "ios-nrf-connect-device-manager",
      "kind" : "remoteSourceControl",
      "location" : "https://github.com/NordicSemiconductor/IOS-nRF-Connect-Device-Manager",
      "state" : {
        "branch" : "main",
        "revision" : "8c09b7ee19c4503615975e3298be054ed93ddf71"
      }
    },
    {
      "identity" : "swift-docc-plugin",
      "kind" : "remoteSourceControl",
      "location" : "https://github.com/apple/swift-docc-plugin",
      "state" : {
        "revision" : "85e4bb4e1cd62cec64a4b8e769dcefdf0c5b9d64",
        "version" : "1.4.3"
      }
    },
    {
      "identity" : "swift-docc-symbolkit",
      "kind" : "remoteSourceControl",
      "location" : "https://github.com/swiftlang/swift-docc-symbolkit",
      "state" : {
        "revision" : "b45d1f2ed151d057b54504d653e0da5552844e34",
        "version" : "1.0.0"
      }
    },
    {
      "identity" : "swiftcbor",
      "kind" : "remoteSourceControl",
      "location" : "https://github.com/unrelentingtech/SwiftCBOR.git",
      "state" : {
        "revision" : "418dab41b09a5da0d45d7b788c59085979ff4dae",
        "version" : "0.4.7"
      }
    },
    {
      "identity" : "zipfoundation",
      "kind" : "remoteSourceControl",
      "location" : "https://github.com/weichsel/ZIPFoundation.git",
      "state" : {
        "revision" : "02b6abe5f6eef7e3cbd5f247c5cc24e246efcfe0",
        "version" : "0.9.19"
      }
    }
  ],
  "version" : 2
}
