// !$*UTF8*$!
{
	archiveVersion = 1;
	classes = {
	};
	objectVersion = 46;
	objects = {

/* Begin PBXBuildFile section */
		5211EFAE18856430007CC40D /* icon-dfu-64.png in Resources */ = {isa = PBXBuildFile; fileRef = 5211EFAA1885642F007CC40D /* icon-dfu-64.png */; };
		5211EFAF18856430007CC40D /* icon-dfu-320.png in Resources */ = {isa = PBXBuildFile; fileRef = 5211EFAB1885642F007CC40D /* icon-dfu-320.png */; };
		5211EFB018856430007CC40D /* icon-hex.png in Resources */ = {isa = PBXBuildFile; fileRef = 5211EFAC1885642F007CC40D /* icon-hex.png */; };
		5211EFB118856430007CC40D /* icon-hex@2x.png in Resources */ = {isa = PBXBuildFile; fileRef = 5211EFAD1885642F007CC40D /* icon-hex@2x.png */; };
		5214D0C71886951500460637 /* IntelHex2BinConverter.m in Sources */ = {isa = PBXBuildFile; fileRef = 5214D0C61886951500460637 /* IntelHex2BinConverter.m */; };
		5214D0CE1886C02A00460637 /* Settings.bundle in Resources */ = {isa = PBXBuildFile; fileRef = 5214D0CD1886C02A00460637 /* Settings.bundle */; };
		5214D0D218881D4D00460637 /* CharacteristicReader.m in Sources */ = {isa = PBXBuildFile; fileRef = 5214D0D118881D4D00460637 /* CharacteristicReader.m */; };
		5217F3E61859EE0000F2D5BB /* Foundation.framework in Frameworks */ = {isa = PBXBuildFile; fileRef = 5217F3E51859EE0000F2D5BB /* Foundation.framework */; };
		5217F3E81859EE0000F2D5BB /* CoreGraphics.framework in Frameworks */ = {isa = PBXBuildFile; fileRef = 5217F3E71859EE0000F2D5BB /* CoreGraphics.framework */; };
		5217F3EA1859EE0000F2D5BB /* UIKit.framework in Frameworks */ = {isa = PBXBuildFile; fileRef = 5217F3E91859EE0000F2D5BB /* UIKit.framework */; };
		5217F3F01859EE0000F2D5BB /* InfoPlist.strings in Resources */ = {isa = PBXBuildFile; fileRef = 5217F3EE1859EE0000F2D5BB /* InfoPlist.strings */; };
		5217F3F21859EE0000F2D5BB /* main.m in Sources */ = {isa = PBXBuildFile; fileRef = 5217F3F11859EE0000F2D5BB /* main.m */; };
		5217F3F61859EE0000F2D5BB /* AppDelegate.m in Sources */ = {isa = PBXBuildFile; fileRef = 5217F3F51859EE0000F2D5BB /* AppDelegate.m */; };
		5217F3F91859EE0000F2D5BB /* Main.storyboard in Resources */ = {isa = PBXBuildFile; fileRef = 5217F3F71859EE0000F2D5BB /* Main.storyboard */; };
		5217F3FC1859EE0000F2D5BB /* ViewController.m in Sources */ = {isa = PBXBuildFile; fileRef = 5217F3FB1859EE0000F2D5BB /* ViewController.m */; };
		5217F3FE1859EE0000F2D5BB /* Images.xcassets in Resources */ = {isa = PBXBuildFile; fileRef = 5217F3FD1859EE0000F2D5BB /* Images.xcassets */; };
		5217F4051859EE0000F2D5BB /* XCTest.framework in Frameworks */ = {isa = PBXBuildFile; fileRef = 5217F4041859EE0000F2D5BB /* XCTest.framework */; };
		5217F4061859EE0000F2D5BB /* Foundation.framework in Frameworks */ = {isa = PBXBuildFile; fileRef = 5217F3E51859EE0000F2D5BB /* Foundation.framework */; };
		5217F4071859EE0000F2D5BB /* UIKit.framework in Frameworks */ = {isa = PBXBuildFile; fileRef = 5217F3E91859EE0000F2D5BB /* UIKit.framework */; };
		5217F40F1859EE0000F2D5BB /* InfoPlist.strings in Resources */ = {isa = PBXBuildFile; fileRef = 5217F40D1859EE0000F2D5BB /* InfoPlist.strings */; };
		5217F4111859EE0000F2D5BB /* nRF_ToolboxTests.m in Sources */ = {isa = PBXBuildFile; fileRef = 5217F4101859EE0000F2D5BB /* nRF_ToolboxTests.m */; };
		5217F41B1859EEF400F2D5BB /* CoreBluetooth.framework in Frameworks */ = {isa = PBXBuildFile; fileRef = 5217F41A1859EEF400F2D5BB /* CoreBluetooth.framework */; };
		5217F41E185B198E00F2D5BB /* RSACViewController.m in Sources */ = {isa = PBXBuildFile; fileRef = 5217F41D185B198E00F2D5BB /* RSACViewController.m */; };
		5217F422185F15FA00F2D5BB /* ScannerViewController.m in Sources */ = {isa = PBXBuildFile; fileRef = 5217F421185F15FA00F2D5BB /* ScannerViewController.m */; };
		5217F428185F28D400F2D5BB /* ScannedPeripheral.m in Sources */ = {isa = PBXBuildFile; fileRef = 5217F427185F28D400F2D5BB /* ScannedPeripheral.m */; };
		5236E15F187EA73F0057E974 /* HRSViewController.m in Sources */ = {isa = PBXBuildFile; fileRef = 5236E15E187EA73F0057E974 /* HRSViewController.m */; };
		5236E162187EA7540057E974 /* HTSViewController.m in Sources */ = {isa = PBXBuildFile; fileRef = 5236E161187EA7540057E974 /* HTSViewController.m */; };
		5236E16C187EC6880057E974 /* StubViewController.m in Sources */ = {isa = PBXBuildFile; fileRef = 5236E16B187EC6880057E974 /* StubViewController.m */; };
		524F2CD818897078008A8555 /* BGMItemCell.m in Sources */ = {isa = PBXBuildFile; fileRef = 524F2CD718897078008A8555 /* BGMItemCell.m */; };
		524F2CDF18897D33008A8555 /* GlucoseReading.m in Sources */ = {isa = PBXBuildFile; fileRef = 524F2CDE18897D33008A8555 /* GlucoseReading.m */; };
		524F2CE2188984E6008A8555 /* BGMDetailsViewController.m in Sources */ = {isa = PBXBuildFile; fileRef = 524F2CE1188984E6008A8555 /* BGMDetailsViewController.m */; };
		524F2CE5188D2A56008A8555 /* GlucoseReadingContext.m in Sources */ = {isa = PBXBuildFile; fileRef = 524F2CE4188D2A56008A8555 /* GlucoseReadingContext.m */; };
		5252A5361880260300EFD773 /* BGMViewController.m in Sources */ = {isa = PBXBuildFile; fileRef = 5252A5351880260300EFD773 /* BGMViewController.m */; };
		5252A53A18802B8100EFD773 /* BPMViewController.m in Sources */ = {isa = PBXBuildFile; fileRef = 5252A53918802B8100EFD773 /* BPMViewController.m */; };
		5252A53E18802F7200EFD773 /* DFUViewController.m in Sources */ = {isa = PBXBuildFile; fileRef = 5252A53D18802F7200EFD773 /* DFUViewController.m */; };
		5252A542188030A800EFD773 /* ProximityViewController.m in Sources */ = {isa = PBXBuildFile; fileRef = 5252A541188030A800EFD773 /* ProximityViewController.m */; };
		5285D9A91890033F00305F1D /* CSCViewController.m in Sources */ = {isa = PBXBuildFile; fileRef = 5285D9A81890033F00305F1D /* CSCViewController.m */; };
		52E08DC21889449A00ED959F /* libCorePlot-CocoaTouch.a in Frameworks */ = {isa = PBXBuildFile; fileRef = 52E08DC11889449A00ED959F /* libCorePlot-CocoaTouch.a */; };
		7E1B422918A8DF4D006BA1BC /* high.mp3 in Resources */ = {isa = PBXBuildFile; fileRef = 7E1B422818A8DF4D006BA1BC /* high.mp3 */; };
		7E2A3C64196D408A009E2506 /* AccessFileSystem.m in Sources */ = {isa = PBXBuildFile; fileRef = 7E2A3C63196D408A009E2506 /* AccessFileSystem.m */; };
		7E445C881951A46800633892 /* DFUOperations.m in Sources */ = {isa = PBXBuildFile; fileRef = 7E445C871951A46800633892 /* DFUOperations.m */; };
		7E445C8B1951A48100633892 /* DFUOperationsDetails.m in Sources */ = {isa = PBXBuildFile; fileRef = 7E445C8A1951A48100633892 /* DFUOperationsDetails.m */; };
		7E445C8E1951A51A00633892 /* Utility.m in Sources */ = {isa = PBXBuildFile; fileRef = 7E445C8D1951A51A00633892 /* Utility.m */; };
		7E445C971951D09E00633892 /* FileTypeTableViewController.m in Sources */ = {isa = PBXBuildFile; fileRef = 7E445C961951D09E00633892 /* FileTypeTableViewController.m */; };
		7E6ED10B196ED482008010B6 /* firmwares in Resources */ = {isa = PBXBuildFile; fileRef = 7E6ED10A196ED482008010B6 /* firmwares */; };
		7E6ED10F197D1D8D008010B6 /* AppFilesTableViewController.m in Sources */ = {isa = PBXBuildFile; fileRef = 7E6ED10E197D1D8D008010B6 /* AppFilesTableViewController.m */; };
		7E6ED112197D1DA4008010B6 /* UserFilesTableViewController.m in Sources */ = {isa = PBXBuildFile; fileRef = 7E6ED111197D1DA4008010B6 /* UserFilesTableViewController.m */; };
		7E92108C18A38EE3009C6F2A /* HelpViewController.m in Sources */ = {isa = PBXBuildFile; fileRef = 7E92108B18A38EE3009C6F2A /* HelpViewController.m */; };
		7E99686C19800A260092E69E /* FolderFilesTableViewController.m in Sources */ = {isa = PBXBuildFile; fileRef = 7E99686B19800A260092E69E /* FolderFilesTableViewController.m */; };
		7ECF201F19655312005495C8 /* FileOperations.m in Sources */ = {isa = PBXBuildFile; fileRef = 7ECF201E19655312005495C8 /* FileOperations.m */; };
		7ECF2022196AA58D005495C8 /* BLEOperations.m in Sources */ = {isa = PBXBuildFile; fileRef = 7ECF2021196AA58D005495C8 /* BLEOperations.m */; };
		7ECF2025196AD6AF005495C8 /* UnzipFirmware.m in Sources */ = {isa = PBXBuildFile; fileRef = 7ECF2024196AD6AF005495C8 /* UnzipFirmware.m */; };
		7EE6691E1983C7DD004680F0 /* ioapi.c in Sources */ = {isa = PBXBuildFile; fileRef = 7EE669141983C7DD004680F0 /* ioapi.c */; };
		7EE6691F1983C7DD004680F0 /* mztools.c in Sources */ = {isa = PBXBuildFile; fileRef = 7EE669161983C7DD004680F0 /* mztools.c */; };
		7EE669201983C7DD004680F0 /* unzip.c in Sources */ = {isa = PBXBuildFile; fileRef = 7EE669181983C7DD004680F0 /* unzip.c */; };
		7EE669211983C7DD004680F0 /* zip.c in Sources */ = {isa = PBXBuildFile; fileRef = 7EE6691A1983C7DD004680F0 /* zip.c */; };
		7EE669221983C7DD004680F0 /* SSZipArchive.m in Sources */ = {isa = PBXBuildFile; fileRef = 7EE6691D1983C7DD004680F0 /* SSZipArchive.m */; };
		7EEAB3B01983CFEF00309DBC /* libz.dylib in Frameworks */ = {isa = PBXBuildFile; fileRef = 7EEAB3AF1983CFEF00309DBC /* libz.dylib */; };
/* End PBXBuildFile section */

/* Begin PBXContainerItemProxy section */
		5217F4081859EE0000F2D5BB /* PBXContainerItemProxy */ = {
			isa = PBXContainerItemProxy;
			containerPortal = 5217F3DA1859EE0000F2D5BB /* Project object */;
			proxyType = 1;
			remoteGlobalIDString = 5217F3E11859EE0000F2D5BB;
			remoteInfo = "nRF Toolbox";
		};
/* End PBXContainerItemProxy section */

/* Begin PBXFileReference section */
		5211EFAA1885642F007CC40D /* icon-dfu-64.png */ = {isa = PBXFileReference; lastKnownFileType = image.png; path = "icon-dfu-64.png"; sourceTree = "<group>"; };
		5211EFAB1885642F007CC40D /* icon-dfu-320.png */ = {isa = PBXFileReference; lastKnownFileType = image.png; path = "icon-dfu-320.png"; sourceTree = "<group>"; };
		5211EFAC1885642F007CC40D /* icon-hex.png */ = {isa = PBXFileReference; lastKnownFileType = image.png; path = "icon-hex.png"; sourceTree = "<group>"; };
		5211EFAD1885642F007CC40D /* icon-hex@2x.png */ = {isa = PBXFileReference; lastKnownFileType = image.png; path = "icon-hex@2x.png"; sourceTree = "<group>"; };
		5214D0C51886951500460637 /* IntelHex2BinConverter.h */ = {isa = PBXFileReference; fileEncoding = 4; lastKnownFileType = sourcecode.c.h; path = IntelHex2BinConverter.h; sourceTree = "<group>"; };
		5214D0C61886951500460637 /* IntelHex2BinConverter.m */ = {isa = PBXFileReference; fileEncoding = 4; lastKnownFileType = sourcecode.c.objc; path = IntelHex2BinConverter.m; sourceTree = "<group>"; };
		5214D0CD1886C02A00460637 /* Settings.bundle */ = {isa = PBXFileReference; lastKnownFileType = "wrapper.plug-in"; path = Settings.bundle; sourceTree = "<group>"; };
		5214D0D018881D4D00460637 /* CharacteristicReader.h */ = {isa = PBXFileReference; fileEncoding = 4; lastKnownFileType = sourcecode.c.h; path = CharacteristicReader.h; sourceTree = "<group>"; };
		5214D0D118881D4D00460637 /* CharacteristicReader.m */ = {isa = PBXFileReference; fileEncoding = 4; lastKnownFileType = sourcecode.c.objc; path = CharacteristicReader.m; sourceTree = "<group>"; };
		5217F3E21859EE0000F2D5BB /* nRF Toolbox.app */ = {isa = PBXFileReference; explicitFileType = wrapper.application; includeInIndex = 0; path = "nRF Toolbox.app"; sourceTree = BUILT_PRODUCTS_DIR; };
		5217F3E51859EE0000F2D5BB /* Foundation.framework */ = {isa = PBXFileReference; lastKnownFileType = wrapper.framework; name = Foundation.framework; path = System/Library/Frameworks/Foundation.framework; sourceTree = SDKROOT; };
		5217F3E71859EE0000F2D5BB /* CoreGraphics.framework */ = {isa = PBXFileReference; lastKnownFileType = wrapper.framework; name = CoreGraphics.framework; path = System/Library/Frameworks/CoreGraphics.framework; sourceTree = SDKROOT; };
		5217F3E91859EE0000F2D5BB /* UIKit.framework */ = {isa = PBXFileReference; lastKnownFileType = wrapper.framework; name = UIKit.framework; path = System/Library/Frameworks/UIKit.framework; sourceTree = SDKROOT; };
		5217F3ED1859EE0000F2D5BB /* nRF Toolbox-Info.plist */ = {isa = PBXFileReference; lastKnownFileType = text.plist.xml; path = "nRF Toolbox-Info.plist"; sourceTree = "<group>"; };
		5217F3EF1859EE0000F2D5BB /* en */ = {isa = PBXFileReference; lastKnownFileType = text.plist.strings; name = en; path = en.lproj/InfoPlist.strings; sourceTree = "<group>"; };
		5217F3F11859EE0000F2D5BB /* main.m */ = {isa = PBXFileReference; lastKnownFileType = sourcecode.c.objc; path = main.m; sourceTree = "<group>"; };
		5217F3F31859EE0000F2D5BB /* nRF Toolbox-Prefix.pch */ = {isa = PBXFileReference; lastKnownFileType = sourcecode.c.h; path = "nRF Toolbox-Prefix.pch"; sourceTree = "<group>"; };
		5217F3F41859EE0000F2D5BB /* AppDelegate.h */ = {isa = PBXFileReference; lastKnownFileType = sourcecode.c.h; path = AppDelegate.h; sourceTree = "<group>"; };
		5217F3F51859EE0000F2D5BB /* AppDelegate.m */ = {isa = PBXFileReference; lastKnownFileType = sourcecode.c.objc; path = AppDelegate.m; sourceTree = "<group>"; };
		5217F3F81859EE0000F2D5BB /* Base */ = {isa = PBXFileReference; lastKnownFileType = file.storyboard; name = Base; path = Base.lproj/Main.storyboard; sourceTree = "<group>"; };
		5217F3FA1859EE0000F2D5BB /* ViewController.h */ = {isa = PBXFileReference; lastKnownFileType = sourcecode.c.h; path = ViewController.h; sourceTree = "<group>"; };
		5217F3FB1859EE0000F2D5BB /* ViewController.m */ = {isa = PBXFileReference; lastKnownFileType = sourcecode.c.objc; path = ViewController.m; sourceTree = "<group>"; };
		5217F3FD1859EE0000F2D5BB /* Images.xcassets */ = {isa = PBXFileReference; lastKnownFileType = folder.assetcatalog; path = Images.xcassets; sourceTree = "<group>"; };
		5217F4031859EE0000F2D5BB /* nRF ToolboxTests.xctest */ = {isa = PBXFileReference; explicitFileType = wrapper.cfbundle; includeInIndex = 0; path = "nRF ToolboxTests.xctest"; sourceTree = BUILT_PRODUCTS_DIR; };
		5217F4041859EE0000F2D5BB /* XCTest.framework */ = {isa = PBXFileReference; lastKnownFileType = wrapper.framework; name = XCTest.framework; path = Library/Frameworks/XCTest.framework; sourceTree = DEVELOPER_DIR; };
		5217F40C1859EE0000F2D5BB /* nRF ToolboxTests-Info.plist */ = {isa = PBXFileReference; lastKnownFileType = text.plist.xml; path = "nRF ToolboxTests-Info.plist"; sourceTree = "<group>"; };
		5217F40E1859EE0000F2D5BB /* en */ = {isa = PBXFileReference; lastKnownFileType = text.plist.strings; name = en; path = en.lproj/InfoPlist.strings; sourceTree = "<group>"; };
		5217F4101859EE0000F2D5BB /* nRF_ToolboxTests.m */ = {isa = PBXFileReference; lastKnownFileType = sourcecode.c.objc; path = nRF_ToolboxTests.m; sourceTree = "<group>"; };
		5217F41A1859EEF400F2D5BB /* CoreBluetooth.framework */ = {isa = PBXFileReference; lastKnownFileType = wrapper.framework; name = CoreBluetooth.framework; path = System/Library/Frameworks/CoreBluetooth.framework; sourceTree = SDKROOT; };
		5217F41C185B198E00F2D5BB /* RSACViewController.h */ = {isa = PBXFileReference; fileEncoding = 4; lastKnownFileType = sourcecode.c.h; path = RSACViewController.h; sourceTree = "<group>"; };
		5217F41D185B198E00F2D5BB /* RSACViewController.m */ = {isa = PBXFileReference; fileEncoding = 4; lastKnownFileType = sourcecode.c.objc; path = RSACViewController.m; sourceTree = "<group>"; };
		5217F41F185B1A0800F2D5BB /* Constants.h */ = {isa = PBXFileReference; lastKnownFileType = sourcecode.c.h; path = Constants.h; sourceTree = "<group>"; };
		5217F420185F15FA00F2D5BB /* ScannerViewController.h */ = {isa = PBXFileReference; fileEncoding = 4; lastKnownFileType = sourcecode.c.h; path = ScannerViewController.h; sourceTree = "<group>"; };
		5217F421185F15FA00F2D5BB /* ScannerViewController.m */ = {isa = PBXFileReference; fileEncoding = 4; lastKnownFileType = sourcecode.c.objc; path = ScannerViewController.m; sourceTree = "<group>"; };
		5217F426185F28D400F2D5BB /* ScannedPeripheral.h */ = {isa = PBXFileReference; fileEncoding = 4; lastKnownFileType = sourcecode.c.h; path = ScannedPeripheral.h; sourceTree = "<group>"; };
		5217F427185F28D400F2D5BB /* ScannedPeripheral.m */ = {isa = PBXFileReference; fileEncoding = 4; lastKnownFileType = sourcecode.c.objc; path = ScannedPeripheral.m; sourceTree = "<group>"; };
		5217F429185F32E500F2D5BB /* ScannerDelegate.h */ = {isa = PBXFileReference; lastKnownFileType = sourcecode.c.h; path = ScannerDelegate.h; sourceTree = "<group>"; };
		5236E15D187EA73F0057E974 /* HRSViewController.h */ = {isa = PBXFileReference; fileEncoding = 4; lastKnownFileType = sourcecode.c.h; path = HRSViewController.h; sourceTree = "<group>"; };
		5236E15E187EA73F0057E974 /* HRSViewController.m */ = {isa = PBXFileReference; fileEncoding = 4; lastKnownFileType = sourcecode.c.objc; path = HRSViewController.m; sourceTree = "<group>"; };
		5236E160187EA7540057E974 /* HTSViewController.h */ = {isa = PBXFileReference; fileEncoding = 4; lastKnownFileType = sourcecode.c.h; path = HTSViewController.h; sourceTree = "<group>"; };
		5236E161187EA7540057E974 /* HTSViewController.m */ = {isa = PBXFileReference; fileEncoding = 4; lastKnownFileType = sourcecode.c.objc; path = HTSViewController.m; sourceTree = "<group>"; };
		5236E16A187EC6880057E974 /* StubViewController.h */ = {isa = PBXFileReference; fileEncoding = 4; lastKnownFileType = sourcecode.c.h; path = StubViewController.h; sourceTree = "<group>"; };
		5236E16B187EC6880057E974 /* StubViewController.m */ = {isa = PBXFileReference; fileEncoding = 4; lastKnownFileType = sourcecode.c.objc; path = StubViewController.m; sourceTree = "<group>"; };
		524F2CD618897078008A8555 /* BGMItemCell.h */ = {isa = PBXFileReference; fileEncoding = 4; lastKnownFileType = sourcecode.c.h; path = BGMItemCell.h; sourceTree = "<group>"; };
		524F2CD718897078008A8555 /* BGMItemCell.m */ = {isa = PBXFileReference; fileEncoding = 4; lastKnownFileType = sourcecode.c.objc; path = BGMItemCell.m; sourceTree = "<group>"; };
		524F2CDD18897D33008A8555 /* GlucoseReading.h */ = {isa = PBXFileReference; fileEncoding = 4; lastKnownFileType = sourcecode.c.h; path = GlucoseReading.h; sourceTree = "<group>"; };
		524F2CDE18897D33008A8555 /* GlucoseReading.m */ = {isa = PBXFileReference; fileEncoding = 4; lastKnownFileType = sourcecode.c.objc; path = GlucoseReading.m; sourceTree = "<group>"; };
		524F2CE0188984E6008A8555 /* BGMDetailsViewController.h */ = {isa = PBXFileReference; fileEncoding = 4; lastKnownFileType = sourcecode.c.h; path = BGMDetailsViewController.h; sourceTree = "<group>"; };
		524F2CE1188984E6008A8555 /* BGMDetailsViewController.m */ = {isa = PBXFileReference; fileEncoding = 4; lastKnownFileType = sourcecode.c.objc; path = BGMDetailsViewController.m; sourceTree = "<group>"; };
		524F2CE3188D2A56008A8555 /* GlucoseReadingContext.h */ = {isa = PBXFileReference; fileEncoding = 4; lastKnownFileType = sourcecode.c.h; path = GlucoseReadingContext.h; sourceTree = "<group>"; };
		524F2CE4188D2A56008A8555 /* GlucoseReadingContext.m */ = {isa = PBXFileReference; fileEncoding = 4; lastKnownFileType = sourcecode.c.objc; path = GlucoseReadingContext.m; sourceTree = "<group>"; };
		5252A5341880260300EFD773 /* BGMViewController.h */ = {isa = PBXFileReference; fileEncoding = 4; lastKnownFileType = sourcecode.c.h; path = BGMViewController.h; sourceTree = "<group>"; };
		5252A5351880260300EFD773 /* BGMViewController.m */ = {isa = PBXFileReference; fileEncoding = 4; lastKnownFileType = sourcecode.c.objc; path = BGMViewController.m; sourceTree = "<group>"; };
		5252A53818802B8100EFD773 /* BPMViewController.h */ = {isa = PBXFileReference; fileEncoding = 4; lastKnownFileType = sourcecode.c.h; path = BPMViewController.h; sourceTree = "<group>"; };
		5252A53918802B8100EFD773 /* BPMViewController.m */ = {isa = PBXFileReference; fileEncoding = 4; lastKnownFileType = sourcecode.c.objc; path = BPMViewController.m; sourceTree = "<group>"; };
		5252A53C18802F7200EFD773 /* DFUViewController.h */ = {isa = PBXFileReference; fileEncoding = 4; lastKnownFileType = sourcecode.c.h; path = DFUViewController.h; sourceTree = "<group>"; };
		5252A53D18802F7200EFD773 /* DFUViewController.m */ = {isa = PBXFileReference; fileEncoding = 4; lastKnownFileType = sourcecode.c.objc; path = DFUViewController.m; sourceTree = "<group>"; };
		5252A540188030A800EFD773 /* ProximityViewController.h */ = {isa = PBXFileReference; fileEncoding = 4; lastKnownFileType = sourcecode.c.h; path = ProximityViewController.h; sourceTree = "<group>"; };
		5252A541188030A800EFD773 /* ProximityViewController.m */ = {isa = PBXFileReference; fileEncoding = 4; lastKnownFileType = sourcecode.c.objc; path = ProximityViewController.m; sourceTree = "<group>"; };
		5285D9A5188D43E500305F1D /* RecordAccess.h */ = {isa = PBXFileReference; lastKnownFileType = sourcecode.c.h; path = RecordAccess.h; sourceTree = "<group>"; };
		5285D9A71890033F00305F1D /* CSCViewController.h */ = {isa = PBXFileReference; fileEncoding = 4; lastKnownFileType = sourcecode.c.h; path = CSCViewController.h; sourceTree = "<group>"; };
		5285D9A81890033F00305F1D /* CSCViewController.m */ = {isa = PBXFileReference; fileEncoding = 4; lastKnownFileType = sourcecode.c.objc; path = CSCViewController.m; sourceTree = "<group>"; };
		52E08DC11889449A00ED959F /* libCorePlot-CocoaTouch.a */ = {isa = PBXFileReference; lastKnownFileType = archive.ar; name = "libCorePlot-CocoaTouch.a"; path = "dependencies/libCorePlot-CocoaTouch.a"; sourceTree = "<group>"; };
		52E08DC4188944AC00ED959F /* CorePlot-CocoaTouch.h */ = {isa = PBXFileReference; fileEncoding = 4; lastKnownFileType = sourcecode.c.h; name = "CorePlot-CocoaTouch.h"; path = "dependencies/CorePlot-CocoaTouch.h"; sourceTree = "<group>"; };
		52E08DC5188944AC00ED959F /* CPTAnimation.h */ = {isa = PBXFileReference; fileEncoding = 4; lastKnownFileType = sourcecode.c.h; name = CPTAnimation.h; path = dependencies/CPTAnimation.h; sourceTree = "<group>"; };
		52E08DC6188944AC00ED959F /* CPTAnimationOperation.h */ = {isa = PBXFileReference; fileEncoding = 4; lastKnownFileType = sourcecode.c.h; name = CPTAnimationOperation.h; path = dependencies/CPTAnimationOperation.h; sourceTree = "<group>"; };
		52E08DC7188944AC00ED959F /* CPTAnimationPeriod.h */ = {isa = PBXFileReference; fileEncoding = 4; lastKnownFileType = sourcecode.c.h; name = CPTAnimationPeriod.h; path = dependencies/CPTAnimationPeriod.h; sourceTree = "<group>"; };
		52E08DC8188944AC00ED959F /* CPTAnnotation.h */ = {isa = PBXFileReference; fileEncoding = 4; lastKnownFileType = sourcecode.c.h; name = CPTAnnotation.h; path = dependencies/CPTAnnotation.h; sourceTree = "<group>"; };
		52E08DC9188944AC00ED959F /* CPTAnnotationHostLayer.h */ = {isa = PBXFileReference; fileEncoding = 4; lastKnownFileType = sourcecode.c.h; name = CPTAnnotationHostLayer.h; path = dependencies/CPTAnnotationHostLayer.h; sourceTree = "<group>"; };
		52E08DCA188944AC00ED959F /* CPTAxis.h */ = {isa = PBXFileReference; fileEncoding = 4; lastKnownFileType = sourcecode.c.h; name = CPTAxis.h; path = dependencies/CPTAxis.h; sourceTree = "<group>"; };
		52E08DCB188944AC00ED959F /* CPTAxisLabel.h */ = {isa = PBXFileReference; fileEncoding = 4; lastKnownFileType = sourcecode.c.h; name = CPTAxisLabel.h; path = dependencies/CPTAxisLabel.h; sourceTree = "<group>"; };
		52E08DCC188944AC00ED959F /* CPTAxisLabelGroup.h */ = {isa = PBXFileReference; fileEncoding = 4; lastKnownFileType = sourcecode.c.h; name = CPTAxisLabelGroup.h; path = dependencies/CPTAxisLabelGroup.h; sourceTree = "<group>"; };
		52E08DCD188944AC00ED959F /* CPTAxisSet.h */ = {isa = PBXFileReference; fileEncoding = 4; lastKnownFileType = sourcecode.c.h; name = CPTAxisSet.h; path = dependencies/CPTAxisSet.h; sourceTree = "<group>"; };
		52E08DCE188944AC00ED959F /* CPTAxisTitle.h */ = {isa = PBXFileReference; fileEncoding = 4; lastKnownFileType = sourcecode.c.h; name = CPTAxisTitle.h; path = dependencies/CPTAxisTitle.h; sourceTree = "<group>"; };
		52E08DCF188944AC00ED959F /* CPTBarPlot.h */ = {isa = PBXFileReference; fileEncoding = 4; lastKnownFileType = sourcecode.c.h; name = CPTBarPlot.h; path = dependencies/CPTBarPlot.h; sourceTree = "<group>"; };
		52E08DD0188944AC00ED959F /* CPTBorderedLayer.h */ = {isa = PBXFileReference; fileEncoding = 4; lastKnownFileType = sourcecode.c.h; name = CPTBorderedLayer.h; path = dependencies/CPTBorderedLayer.h; sourceTree = "<group>"; };
		52E08DD1188944AC00ED959F /* CPTCalendarFormatter.h */ = {isa = PBXFileReference; fileEncoding = 4; lastKnownFileType = sourcecode.c.h; name = CPTCalendarFormatter.h; path = dependencies/CPTCalendarFormatter.h; sourceTree = "<group>"; };
		52E08DD2188944AC00ED959F /* CPTColor.h */ = {isa = PBXFileReference; fileEncoding = 4; lastKnownFileType = sourcecode.c.h; name = CPTColor.h; path = dependencies/CPTColor.h; sourceTree = "<group>"; };
		52E08DD3188944AC00ED959F /* CPTColorSpace.h */ = {isa = PBXFileReference; fileEncoding = 4; lastKnownFileType = sourcecode.c.h; name = CPTColorSpace.h; path = dependencies/CPTColorSpace.h; sourceTree = "<group>"; };
		52E08DD4188944AC00ED959F /* CPTConstraints.h */ = {isa = PBXFileReference; fileEncoding = 4; lastKnownFileType = sourcecode.c.h; name = CPTConstraints.h; path = dependencies/CPTConstraints.h; sourceTree = "<group>"; };
		52E08DD5188944AC00ED959F /* CPTDataSourceTestCase.h */ = {isa = PBXFileReference; fileEncoding = 4; lastKnownFileType = sourcecode.c.h; name = CPTDataSourceTestCase.h; path = dependencies/CPTDataSourceTestCase.h; sourceTree = "<group>"; };
		52E08DD6188944AC00ED959F /* CPTDefinitions.h */ = {isa = PBXFileReference; fileEncoding = 4; lastKnownFileType = sourcecode.c.h; name = CPTDefinitions.h; path = dependencies/CPTDefinitions.h; sourceTree = "<group>"; };
		52E08DD7188944AC00ED959F /* CPTDerivedXYGraph.h */ = {isa = PBXFileReference; fileEncoding = 4; lastKnownFileType = sourcecode.c.h; name = CPTDerivedXYGraph.h; path = dependencies/CPTDerivedXYGraph.h; sourceTree = "<group>"; };
		52E08DD8188944AC00ED959F /* CPTExceptions.h */ = {isa = PBXFileReference; fileEncoding = 4; lastKnownFileType = sourcecode.c.h; name = CPTExceptions.h; path = dependencies/CPTExceptions.h; sourceTree = "<group>"; };
		52E08DD9188944AC00ED959F /* CPTFill.h */ = {isa = PBXFileReference; fileEncoding = 4; lastKnownFileType = sourcecode.c.h; name = CPTFill.h; path = dependencies/CPTFill.h; sourceTree = "<group>"; };
		52E08DDA188944AC00ED959F /* CPTFunctionDataSource.h */ = {isa = PBXFileReference; fileEncoding = 4; lastKnownFileType = sourcecode.c.h; name = CPTFunctionDataSource.h; path = dependencies/CPTFunctionDataSource.h; sourceTree = "<group>"; };
		52E08DDB188944AC00ED959F /* CPTGradient.h */ = {isa = PBXFileReference; fileEncoding = 4; lastKnownFileType = sourcecode.c.h; name = CPTGradient.h; path = dependencies/CPTGradient.h; sourceTree = "<group>"; };
		52E08DDC188944AC00ED959F /* CPTGraph.h */ = {isa = PBXFileReference; fileEncoding = 4; lastKnownFileType = sourcecode.c.h; name = CPTGraph.h; path = dependencies/CPTGraph.h; sourceTree = "<group>"; };
		52E08DDD188944AC00ED959F /* CPTGraphHostingView.h */ = {isa = PBXFileReference; fileEncoding = 4; lastKnownFileType = sourcecode.c.h; name = CPTGraphHostingView.h; path = dependencies/CPTGraphHostingView.h; sourceTree = "<group>"; };
		52E08DDE188944AC00ED959F /* CPTGridLineGroup.h */ = {isa = PBXFileReference; fileEncoding = 4; lastKnownFileType = sourcecode.c.h; name = CPTGridLineGroup.h; path = dependencies/CPTGridLineGroup.h; sourceTree = "<group>"; };
		52E08DDF188944AC00ED959F /* CPTGridLines.h */ = {isa = PBXFileReference; fileEncoding = 4; lastKnownFileType = sourcecode.c.h; name = CPTGridLines.h; path = dependencies/CPTGridLines.h; sourceTree = "<group>"; };
		52E08DE0188944AC00ED959F /* CPTImage.h */ = {isa = PBXFileReference; fileEncoding = 4; lastKnownFileType = sourcecode.c.h; name = CPTImage.h; path = dependencies/CPTImage.h; sourceTree = "<group>"; };
		52E08DE1188944AC00ED959F /* CPTLayer.h */ = {isa = PBXFileReference; fileEncoding = 4; lastKnownFileType = sourcecode.c.h; name = CPTLayer.h; path = dependencies/CPTLayer.h; sourceTree = "<group>"; };
		52E08DE2188944AC00ED959F /* CPTLayerAnnotation.h */ = {isa = PBXFileReference; fileEncoding = 4; lastKnownFileType = sourcecode.c.h; name = CPTLayerAnnotation.h; path = dependencies/CPTLayerAnnotation.h; sourceTree = "<group>"; };
		52E08DE3188944AC00ED959F /* CPTLegend.h */ = {isa = PBXFileReference; fileEncoding = 4; lastKnownFileType = sourcecode.c.h; name = CPTLegend.h; path = dependencies/CPTLegend.h; sourceTree = "<group>"; };
		52E08DE4188944AC00ED959F /* CPTLegendEntry.h */ = {isa = PBXFileReference; fileEncoding = 4; lastKnownFileType = sourcecode.c.h; name = CPTLegendEntry.h; path = dependencies/CPTLegendEntry.h; sourceTree = "<group>"; };
		52E08DE5188944AC00ED959F /* CPTLimitBand.h */ = {isa = PBXFileReference; fileEncoding = 4; lastKnownFileType = sourcecode.c.h; name = CPTLimitBand.h; path = dependencies/CPTLimitBand.h; sourceTree = "<group>"; };
		52E08DE6188944AC00ED959F /* CPTLineCap.h */ = {isa = PBXFileReference; fileEncoding = 4; lastKnownFileType = sourcecode.c.h; name = CPTLineCap.h; path = dependencies/CPTLineCap.h; sourceTree = "<group>"; };
		52E08DE7188944AC00ED959F /* CPTLineStyle.h */ = {isa = PBXFileReference; fileEncoding = 4; lastKnownFileType = sourcecode.c.h; name = CPTLineStyle.h; path = dependencies/CPTLineStyle.h; sourceTree = "<group>"; };
		52E08DE8188944AC00ED959F /* CPTMutableLineStyle.h */ = {isa = PBXFileReference; fileEncoding = 4; lastKnownFileType = sourcecode.c.h; name = CPTMutableLineStyle.h; path = dependencies/CPTMutableLineStyle.h; sourceTree = "<group>"; };
		52E08DE9188944AC00ED959F /* CPTMutableNumericData.h */ = {isa = PBXFileReference; fileEncoding = 4; lastKnownFileType = sourcecode.c.h; name = CPTMutableNumericData.h; path = dependencies/CPTMutableNumericData.h; sourceTree = "<group>"; };
		52E08DEA188944AC00ED959F /* CPTMutableNumericData+TypeConversion.h */ = {isa = PBXFileReference; fileEncoding = 4; lastKnownFileType = sourcecode.c.h; name = "CPTMutableNumericData+TypeConversion.h"; path = "dependencies/CPTMutableNumericData+TypeConversion.h"; sourceTree = "<group>"; };
		52E08DEB188944AC00ED959F /* CPTMutablePlotRange.h */ = {isa = PBXFileReference; fileEncoding = 4; lastKnownFileType = sourcecode.c.h; name = CPTMutablePlotRange.h; path = dependencies/CPTMutablePlotRange.h; sourceTree = "<group>"; };
		52E08DEC188944AC00ED959F /* CPTMutableShadow.h */ = {isa = PBXFileReference; fileEncoding = 4; lastKnownFileType = sourcecode.c.h; name = CPTMutableShadow.h; path = dependencies/CPTMutableShadow.h; sourceTree = "<group>"; };
		52E08DED188944AC00ED959F /* CPTMutableTextStyle.h */ = {isa = PBXFileReference; fileEncoding = 4; lastKnownFileType = sourcecode.c.h; name = CPTMutableTextStyle.h; path = dependencies/CPTMutableTextStyle.h; sourceTree = "<group>"; };
		52E08DEE188944AC00ED959F /* CPTNumericData.h */ = {isa = PBXFileReference; fileEncoding = 4; lastKnownFileType = sourcecode.c.h; name = CPTNumericData.h; path = dependencies/CPTNumericData.h; sourceTree = "<group>"; };
		52E08DEF188944AC00ED959F /* CPTNumericData+TypeConversion.h */ = {isa = PBXFileReference; fileEncoding = 4; lastKnownFileType = sourcecode.c.h; name = "CPTNumericData+TypeConversion.h"; path = "dependencies/CPTNumericData+TypeConversion.h"; sourceTree = "<group>"; };
		52E08DF0188944AC00ED959F /* CPTNumericDataType.h */ = {isa = PBXFileReference; fileEncoding = 4; lastKnownFileType = sourcecode.c.h; name = CPTNumericDataType.h; path = dependencies/CPTNumericDataType.h; sourceTree = "<group>"; };
		52E08DF1188944AC00ED959F /* CPTPathExtensions.h */ = {isa = PBXFileReference; fileEncoding = 4; lastKnownFileType = sourcecode.c.h; name = CPTPathExtensions.h; path = dependencies/CPTPathExtensions.h; sourceTree = "<group>"; };
		52E08DF2188944AC00ED959F /* CPTPieChart.h */ = {isa = PBXFileReference; fileEncoding = 4; lastKnownFileType = sourcecode.c.h; name = CPTPieChart.h; path = dependencies/CPTPieChart.h; sourceTree = "<group>"; };
		52E08DF3188944AC00ED959F /* CPTPlatformSpecificCategories.h */ = {isa = PBXFileReference; fileEncoding = 4; lastKnownFileType = sourcecode.c.h; name = CPTPlatformSpecificCategories.h; path = dependencies/CPTPlatformSpecificCategories.h; sourceTree = "<group>"; };
		52E08DF4188944AC00ED959F /* CPTPlatformSpecificDefines.h */ = {isa = PBXFileReference; fileEncoding = 4; lastKnownFileType = sourcecode.c.h; name = CPTPlatformSpecificDefines.h; path = dependencies/CPTPlatformSpecificDefines.h; sourceTree = "<group>"; };
		52E08DF5188944AC00ED959F /* CPTPlatformSpecificFunctions.h */ = {isa = PBXFileReference; fileEncoding = 4; lastKnownFileType = sourcecode.c.h; name = CPTPlatformSpecificFunctions.h; path = dependencies/CPTPlatformSpecificFunctions.h; sourceTree = "<group>"; };
		52E08DF6188944AC00ED959F /* CPTPlot.h */ = {isa = PBXFileReference; fileEncoding = 4; lastKnownFileType = sourcecode.c.h; name = CPTPlot.h; path = dependencies/CPTPlot.h; sourceTree = "<group>"; };
		52E08DF7188944AC00ED959F /* CPTPlotArea.h */ = {isa = PBXFileReference; fileEncoding = 4; lastKnownFileType = sourcecode.c.h; name = CPTPlotArea.h; path = dependencies/CPTPlotArea.h; sourceTree = "<group>"; };
		52E08DF8188944AC00ED959F /* CPTPlotAreaFrame.h */ = {isa = PBXFileReference; fileEncoding = 4; lastKnownFileType = sourcecode.c.h; name = CPTPlotAreaFrame.h; path = dependencies/CPTPlotAreaFrame.h; sourceTree = "<group>"; };
		52E08DF9188944AC00ED959F /* CPTPlotGroup.h */ = {isa = PBXFileReference; fileEncoding = 4; lastKnownFileType = sourcecode.c.h; name = CPTPlotGroup.h; path = dependencies/CPTPlotGroup.h; sourceTree = "<group>"; };
		52E08DFA188944AC00ED959F /* CPTPlotRange.h */ = {isa = PBXFileReference; fileEncoding = 4; lastKnownFileType = sourcecode.c.h; name = CPTPlotRange.h; path = dependencies/CPTPlotRange.h; sourceTree = "<group>"; };
		52E08DFB188944AC00ED959F /* CPTPlotSpace.h */ = {isa = PBXFileReference; fileEncoding = 4; lastKnownFileType = sourcecode.c.h; name = CPTPlotSpace.h; path = dependencies/CPTPlotSpace.h; sourceTree = "<group>"; };
		52E08DFC188944AC00ED959F /* CPTPlotSpaceAnnotation.h */ = {isa = PBXFileReference; fileEncoding = 4; lastKnownFileType = sourcecode.c.h; name = CPTPlotSpaceAnnotation.h; path = dependencies/CPTPlotSpaceAnnotation.h; sourceTree = "<group>"; };
		52E08DFD188944AC00ED959F /* CPTPlotSymbol.h */ = {isa = PBXFileReference; fileEncoding = 4; lastKnownFileType = sourcecode.c.h; name = CPTPlotSymbol.h; path = dependencies/CPTPlotSymbol.h; sourceTree = "<group>"; };
		52E08DFE188944AC00ED959F /* CPTRangePlot.h */ = {isa = PBXFileReference; fileEncoding = 4; lastKnownFileType = sourcecode.c.h; name = CPTRangePlot.h; path = dependencies/CPTRangePlot.h; sourceTree = "<group>"; };
		52E08DFF188944AC00ED959F /* CPTResponder.h */ = {isa = PBXFileReference; fileEncoding = 4; lastKnownFileType = sourcecode.c.h; name = CPTResponder.h; path = dependencies/CPTResponder.h; sourceTree = "<group>"; };
		52E08E00188944AC00ED959F /* CPTScatterPlot.h */ = {isa = PBXFileReference; fileEncoding = 4; lastKnownFileType = sourcecode.c.h; name = CPTScatterPlot.h; path = dependencies/CPTScatterPlot.h; sourceTree = "<group>"; };
		52E08E01188944AC00ED959F /* CPTShadow.h */ = {isa = PBXFileReference; fileEncoding = 4; lastKnownFileType = sourcecode.c.h; name = CPTShadow.h; path = dependencies/CPTShadow.h; sourceTree = "<group>"; };
		52E08E02188944AC00ED959F /* CPTTestCase.h */ = {isa = PBXFileReference; fileEncoding = 4; lastKnownFileType = sourcecode.c.h; name = CPTTestCase.h; path = dependencies/CPTTestCase.h; sourceTree = "<group>"; };
		52E08E03188944AC00ED959F /* CPTTextLayer.h */ = {isa = PBXFileReference; fileEncoding = 4; lastKnownFileType = sourcecode.c.h; name = CPTTextLayer.h; path = dependencies/CPTTextLayer.h; sourceTree = "<group>"; };
		52E08E04188944AC00ED959F /* CPTTextStyle.h */ = {isa = PBXFileReference; fileEncoding = 4; lastKnownFileType = sourcecode.c.h; name = CPTTextStyle.h; path = dependencies/CPTTextStyle.h; sourceTree = "<group>"; };
		52E08E05188944AC00ED959F /* CPTTextStylePlatformSpecific.h */ = {isa = PBXFileReference; fileEncoding = 4; lastKnownFileType = sourcecode.c.h; name = CPTTextStylePlatformSpecific.h; path = dependencies/CPTTextStylePlatformSpecific.h; sourceTree = "<group>"; };
		52E08E06188944AC00ED959F /* CPTTheme.h */ = {isa = PBXFileReference; fileEncoding = 4; lastKnownFileType = sourcecode.c.h; name = CPTTheme.h; path = dependencies/CPTTheme.h; sourceTree = "<group>"; };
		52E08E07188944AC00ED959F /* CPTTimeFormatter.h */ = {isa = PBXFileReference; fileEncoding = 4; lastKnownFileType = sourcecode.c.h; name = CPTTimeFormatter.h; path = dependencies/CPTTimeFormatter.h; sourceTree = "<group>"; };
		52E08E08188944AC00ED959F /* CPTTradingRangePlot.h */ = {isa = PBXFileReference; fileEncoding = 4; lastKnownFileType = sourcecode.c.h; name = CPTTradingRangePlot.h; path = dependencies/CPTTradingRangePlot.h; sourceTree = "<group>"; };
		52E08E09188944AC00ED959F /* CPTUtilities.h */ = {isa = PBXFileReference; fileEncoding = 4; lastKnownFileType = sourcecode.c.h; name = CPTUtilities.h; path = dependencies/CPTUtilities.h; sourceTree = "<group>"; };
		52E08E0A188944AC00ED959F /* CPTXYAxis.h */ = {isa = PBXFileReference; fileEncoding = 4; lastKnownFileType = sourcecode.c.h; name = CPTXYAxis.h; path = dependencies/CPTXYAxis.h; sourceTree = "<group>"; };
		52E08E0B188944AC00ED959F /* CPTXYAxisSet.h */ = {isa = PBXFileReference; fileEncoding = 4; lastKnownFileType = sourcecode.c.h; name = CPTXYAxisSet.h; path = dependencies/CPTXYAxisSet.h; sourceTree = "<group>"; };
		52E08E0C188944AC00ED959F /* CPTXYGraph.h */ = {isa = PBXFileReference; fileEncoding = 4; lastKnownFileType = sourcecode.c.h; name = CPTXYGraph.h; path = dependencies/CPTXYGraph.h; sourceTree = "<group>"; };
		52E08E0D188944AC00ED959F /* CPTXYPlotSpace.h */ = {isa = PBXFileReference; fileEncoding = 4; lastKnownFileType = sourcecode.c.h; name = CPTXYPlotSpace.h; path = dependencies/CPTXYPlotSpace.h; sourceTree = "<group>"; };
		7E1B422818A8DF4D006BA1BC /* high.mp3 */ = {isa = PBXFileReference; lastKnownFileType = audio.mp3; path = high.mp3; sourceTree = "<group>"; };
		7E2A3C62196D408A009E2506 /* AccessFileSystem.h */ = {isa = PBXFileReference; fileEncoding = 4; lastKnownFileType = sourcecode.c.h; path = AccessFileSystem.h; sourceTree = "<group>"; };
		7E2A3C63196D408A009E2506 /* AccessFileSystem.m */ = {isa = PBXFileReference; fileEncoding = 4; lastKnownFileType = sourcecode.c.objc; path = AccessFileSystem.m; sourceTree = "<group>"; };
		7E445C861951A45B00633892 /* DFUOperations.h */ = {isa = PBXFileReference; lastKnownFileType = sourcecode.c.h; path = DFUOperations.h; sourceTree = "<group>"; };
		7E445C871951A46800633892 /* DFUOperations.m */ = {isa = PBXFileReference; fileEncoding = 4; lastKnownFileType = sourcecode.c.objc; path = DFUOperations.m; sourceTree = "<group>"; };
		7E445C891951A47200633892 /* DFUOperationsDetails.h */ = {isa = PBXFileReference; lastKnownFileType = sourcecode.c.h; path = DFUOperationsDetails.h; sourceTree = "<group>"; };
		7E445C8A1951A48100633892 /* DFUOperationsDetails.m */ = {isa = PBXFileReference; fileEncoding = 4; lastKnownFileType = sourcecode.c.objc; path = DFUOperationsDetails.m; sourceTree = "<group>"; };
		7E445C8C1951A50A00633892 /* Utility.h */ = {isa = PBXFileReference; lastKnownFileType = sourcecode.c.h; path = Utility.h; sourceTree = "<group>"; };
		7E445C8D1951A51A00633892 /* Utility.m */ = {isa = PBXFileReference; fileEncoding = 4; lastKnownFileType = sourcecode.c.objc; path = Utility.m; sourceTree = "<group>"; };
		7E445C951951D09E00633892 /* FileTypeTableViewController.h */ = {isa = PBXFileReference; fileEncoding = 4; lastKnownFileType = sourcecode.c.h; path = FileTypeTableViewController.h; sourceTree = "<group>"; };
		7E445C961951D09E00633892 /* FileTypeTableViewController.m */ = {isa = PBXFileReference; fileEncoding = 4; lastKnownFileType = sourcecode.c.objc; path = FileTypeTableViewController.m; sourceTree = "<group>"; };
		7E6ED10A196ED482008010B6 /* firmwares */ = {isa = PBXFileReference; lastKnownFileType = folder; path = firmwares; sourceTree = "<group>"; };
		7E6ED10D197D1D8D008010B6 /* AppFilesTableViewController.h */ = {isa = PBXFileReference; fileEncoding = 4; lastKnownFileType = sourcecode.c.h; path = AppFilesTableViewController.h; sourceTree = "<group>"; };
		7E6ED10E197D1D8D008010B6 /* AppFilesTableViewController.m */ = {isa = PBXFileReference; fileEncoding = 4; lastKnownFileType = sourcecode.c.objc; path = AppFilesTableViewController.m; sourceTree = "<group>"; };
		7E6ED110197D1DA4008010B6 /* UserFilesTableViewController.h */ = {isa = PBXFileReference; fileEncoding = 4; lastKnownFileType = sourcecode.c.h; path = UserFilesTableViewController.h; sourceTree = "<group>"; };
		7E6ED111197D1DA4008010B6 /* UserFilesTableViewController.m */ = {isa = PBXFileReference; fileEncoding = 4; lastKnownFileType = sourcecode.c.objc; path = UserFilesTableViewController.m; sourceTree = "<group>"; };
		7E92108A18A38EE3009C6F2A /* HelpViewController.h */ = {isa = PBXFileReference; fileEncoding = 4; lastKnownFileType = sourcecode.c.h; path = HelpViewController.h; sourceTree = "<group>"; };
		7E92108B18A38EE3009C6F2A /* HelpViewController.m */ = {isa = PBXFileReference; fileEncoding = 4; lastKnownFileType = sourcecode.c.objc; path = HelpViewController.m; sourceTree = "<group>"; };
		7E99686A19800A260092E69E /* FolderFilesTableViewController.h */ = {isa = PBXFileReference; fileEncoding = 4; lastKnownFileType = sourcecode.c.h; path = FolderFilesTableViewController.h; sourceTree = "<group>"; };
		7E99686B19800A260092E69E /* FolderFilesTableViewController.m */ = {isa = PBXFileReference; fileEncoding = 4; lastKnownFileType = sourcecode.c.objc; path = FolderFilesTableViewController.m; sourceTree = "<group>"; };
		7ECF201D19655312005495C8 /* FileOperations.h */ = {isa = PBXFileReference; fileEncoding = 4; lastKnownFileType = sourcecode.c.h; path = FileOperations.h; sourceTree = "<group>"; };
		7ECF201E19655312005495C8 /* FileOperations.m */ = {isa = PBXFileReference; fileEncoding = 4; lastKnownFileType = sourcecode.c.objc; path = FileOperations.m; sourceTree = "<group>"; };
		7ECF2020196AA58D005495C8 /* BLEOperations.h */ = {isa = PBXFileReference; fileEncoding = 4; lastKnownFileType = sourcecode.c.h; path = BLEOperations.h; sourceTree = "<group>"; };
		7ECF2021196AA58D005495C8 /* BLEOperations.m */ = {isa = PBXFileReference; fileEncoding = 4; lastKnownFileType = sourcecode.c.objc; path = BLEOperations.m; sourceTree = "<group>"; };
		7ECF2023196AD6AF005495C8 /* UnzipFirmware.h */ = {isa = PBXFileReference; fileEncoding = 4; lastKnownFileType = sourcecode.c.h; path = UnzipFirmware.h; sourceTree = "<group>"; };
		7ECF2024196AD6AF005495C8 /* UnzipFirmware.m */ = {isa = PBXFileReference; fileEncoding = 4; lastKnownFileType = sourcecode.c.objc; path = UnzipFirmware.m; sourceTree = "<group>"; };
		7EE669131983C7DD004680F0 /* crypt.h */ = {isa = PBXFileReference; fileEncoding = 4; lastKnownFileType = sourcecode.c.h; path = crypt.h; sourceTree = "<group>"; };
		7EE669141983C7DD004680F0 /* ioapi.c */ = {isa = PBXFileReference; fileEncoding = 4; lastKnownFileType = sourcecode.c.c; path = ioapi.c; sourceTree = "<group>"; };
		7EE669151983C7DD004680F0 /* ioapi.h */ = {isa = PBXFileReference; fileEncoding = 4; lastKnownFileType = sourcecode.c.h; path = ioapi.h; sourceTree = "<group>"; };
		7EE669161983C7DD004680F0 /* mztools.c */ = {isa = PBXFileReference; fileEncoding = 4; lastKnownFileType = sourcecode.c.c; path = mztools.c; sourceTree = "<group>"; };
		7EE669171983C7DD004680F0 /* mztools.h */ = {isa = PBXFileReference; fileEncoding = 4; lastKnownFileType = sourcecode.c.h; path = mztools.h; sourceTree = "<group>"; };
		7EE669181983C7DD004680F0 /* unzip.c */ = {isa = PBXFileReference; fileEncoding = 4; lastKnownFileType = sourcecode.c.c; path = unzip.c; sourceTree = "<group>"; };
		7EE669191983C7DD004680F0 /* unzip.h */ = {isa = PBXFileReference; fileEncoding = 4; lastKnownFileType = sourcecode.c.h; path = unzip.h; sourceTree = "<group>"; };
		7EE6691A1983C7DD004680F0 /* zip.c */ = {isa = PBXFileReference; fileEncoding = 4; lastKnownFileType = sourcecode.c.c; path = zip.c; sourceTree = "<group>"; };
		7EE6691B1983C7DD004680F0 /* zip.h */ = {isa = PBXFileReference; fileEncoding = 4; lastKnownFileType = sourcecode.c.h; path = zip.h; sourceTree = "<group>"; };
		7EE6691C1983C7DD004680F0 /* SSZipArchive.h */ = {isa = PBXFileReference; fileEncoding = 4; lastKnownFileType = sourcecode.c.h; path = SSZipArchive.h; sourceTree = "<group>"; };
		7EE6691D1983C7DD004680F0 /* SSZipArchive.m */ = {isa = PBXFileReference; fileEncoding = 4; lastKnownFileType = sourcecode.c.objc; path = SSZipArchive.m; sourceTree = "<group>"; };
		7EEAB3AF1983CFEF00309DBC /* libz.dylib */ = {isa = PBXFileReference; lastKnownFileType = "compiled.mach-o.dylib"; name = libz.dylib; path = usr/lib/libz.dylib; sourceTree = SDKROOT; };
/* End PBXFileReference section */

/* Begin PBXFrameworksBuildPhase section */
		5217F3DF1859EE0000F2D5BB /* Frameworks */ = {
			isa = PBXFrameworksBuildPhase;
			buildActionMask = 2147483647;
			files = (
				7EEAB3B01983CFEF00309DBC /* libz.dylib in Frameworks */,
				5217F41B1859EEF400F2D5BB /* CoreBluetooth.framework in Frameworks */,
				5217F3E81859EE0000F2D5BB /* CoreGraphics.framework in Frameworks */,
				5217F3EA1859EE0000F2D5BB /* UIKit.framework in Frameworks */,
				5217F3E61859EE0000F2D5BB /* Foundation.framework in Frameworks */,
				52E08DC21889449A00ED959F /* libCorePlot-CocoaTouch.a in Frameworks */,
			);
			runOnlyForDeploymentPostprocessing = 0;
		};
		5217F4001859EE0000F2D5BB /* Frameworks */ = {
			isa = PBXFrameworksBuildPhase;
			buildActionMask = 2147483647;
			files = (
				5217F4051859EE0000F2D5BB /* XCTest.framework in Frameworks */,
				5217F4071859EE0000F2D5BB /* UIKit.framework in Frameworks */,
				5217F4061859EE0000F2D5BB /* Foundation.framework in Frameworks */,
			);
			runOnlyForDeploymentPostprocessing = 0;
		};
/* End PBXFrameworksBuildPhase section */

/* Begin PBXGroup section */
		5214D0C81886951A00460637 /* Hex to Bin Converter */ = {
			isa = PBXGroup;
			children = (
				5214D0C51886951500460637 /* IntelHex2BinConverter.h */,
				5214D0C61886951500460637 /* IntelHex2BinConverter.m */,
			);
			name = "Hex to Bin Converter";
			sourceTree = "<group>";
		};
		5214D0CF18881D0200460637 /* Utilities */ = {
			isa = PBXGroup;
			children = (
				5217F41F185B1A0800F2D5BB /* Constants.h */,
				5214D0D018881D4D00460637 /* CharacteristicReader.h */,
				5214D0D118881D4D00460637 /* CharacteristicReader.m */,
			);
			name = Utilities;
			sourceTree = "<group>";
		};
		5217F3D91859EE0000F2D5BB = {
			isa = PBXGroup;
			children = (
				7EE669111983C7DD004680F0 /* SSZipArchive */,
				52E08DC01889448400ED959F /* CorePlot */,
				5214D0CD1886C02A00460637 /* Settings.bundle */,
				5217F3EB1859EE0000F2D5BB /* nRF Toolbox */,
				5217F40A1859EE0000F2D5BB /* nRF ToolboxTests */,
				5217F3E41859EE0000F2D5BB /* Frameworks */,
				5217F3E31859EE0000F2D5BB /* Products */,
			);
			sourceTree = "<group>";
		};
		5217F3E31859EE0000F2D5BB /* Products */ = {
			isa = PBXGroup;
			children = (
				5217F3E21859EE0000F2D5BB /* nRF Toolbox.app */,
				5217F4031859EE0000F2D5BB /* nRF ToolboxTests.xctest */,
			);
			name = Products;
			sourceTree = "<group>";
		};
		5217F3E41859EE0000F2D5BB /* Frameworks */ = {
			isa = PBXGroup;
			children = (
				7EEAB3AF1983CFEF00309DBC /* libz.dylib */,
				5217F41A1859EEF400F2D5BB /* CoreBluetooth.framework */,
				5217F3E51859EE0000F2D5BB /* Foundation.framework */,
				5217F3E71859EE0000F2D5BB /* CoreGraphics.framework */,
				5217F3E91859EE0000F2D5BB /* UIKit.framework */,
				5217F4041859EE0000F2D5BB /* XCTest.framework */,
			);
			name = Frameworks;
			sourceTree = "<group>";
		};
		5217F3EB1859EE0000F2D5BB /* nRF Toolbox */ = {
			isa = PBXGroup;
			children = (
				5236E166187EA7AA0057E974 /* Scanner */,
				5236E169187EC6310057E974 /* Stub */,
				5252A533188025EC00EFD773 /* BGM */,
				5252A53718802B6D00EFD773 /* BPM */,
				5285D9A61890031F00305F1D /* CSC */,
				5252A53B18802F6300EFD773 /* DFU */,
				5236E164187EA7850057E974 /* HRS */,
				5236E165187EA7930057E974 /* HTS */,
				5252A53F1880307D00EFD773 /* PROXIMITY */,
				5236E163187EA76B0057E974 /* RSAC */,
				5214D0CF18881D0200460637 /* Utilities */,
				5217F3F41859EE0000F2D5BB /* AppDelegate.h */,
				5217F3F51859EE0000F2D5BB /* AppDelegate.m */,
				5217F3FA1859EE0000F2D5BB /* ViewController.h */,
				5217F3FB1859EE0000F2D5BB /* ViewController.m */,
				5217F3F71859EE0000F2D5BB /* Main.storyboard */,
				7E92108A18A38EE3009C6F2A /* HelpViewController.h */,
				7E92108B18A38EE3009C6F2A /* HelpViewController.m */,
				5217F3FD1859EE0000F2D5BB /* Images.xcassets */,
				5217F3EC1859EE0000F2D5BB /* Supporting Files */,
			);
			path = "nRF Toolbox";
			sourceTree = "<group>";
		};
		5217F3EC1859EE0000F2D5BB /* Supporting Files */ = {
			isa = PBXGroup;
			children = (
				7E1B422818A8DF4D006BA1BC /* high.mp3 */,
				5211EFAA1885642F007CC40D /* icon-dfu-64.png */,
				5211EFAB1885642F007CC40D /* icon-dfu-320.png */,
				5211EFAC1885642F007CC40D /* icon-hex.png */,
				5211EFAD1885642F007CC40D /* icon-hex@2x.png */,
				5217F3ED1859EE0000F2D5BB /* nRF Toolbox-Info.plist */,
				5217F3EE1859EE0000F2D5BB /* InfoPlist.strings */,
				5217F3F11859EE0000F2D5BB /* main.m */,
				5217F3F31859EE0000F2D5BB /* nRF Toolbox-Prefix.pch */,
			);
			name = "Supporting Files";
			sourceTree = "<group>";
		};
		5217F40A1859EE0000F2D5BB /* nRF ToolboxTests */ = {
			isa = PBXGroup;
			children = (
				5217F4101859EE0000F2D5BB /* nRF_ToolboxTests.m */,
				5217F40B1859EE0000F2D5BB /* Supporting Files */,
			);
			path = "nRF ToolboxTests";
			sourceTree = "<group>";
		};
		5217F40B1859EE0000F2D5BB /* Supporting Files */ = {
			isa = PBXGroup;
			children = (
				5217F40C1859EE0000F2D5BB /* nRF ToolboxTests-Info.plist */,
				5217F40D1859EE0000F2D5BB /* InfoPlist.strings */,
			);
			name = "Supporting Files";
			sourceTree = "<group>";
		};
		5236E163187EA76B0057E974 /* RSAC */ = {
			isa = PBXGroup;
			children = (
				5217F41C185B198E00F2D5BB /* RSACViewController.h */,
				5217F41D185B198E00F2D5BB /* RSACViewController.m */,
			);
			name = RSAC;
			sourceTree = "<group>";
		};
		5236E164187EA7850057E974 /* HRS */ = {
			isa = PBXGroup;
			children = (
				5236E15D187EA73F0057E974 /* HRSViewController.h */,
				5236E15E187EA73F0057E974 /* HRSViewController.m */,
			);
			name = HRS;
			sourceTree = "<group>";
		};
		5236E165187EA7930057E974 /* HTS */ = {
			isa = PBXGroup;
			children = (
				5236E160187EA7540057E974 /* HTSViewController.h */,
				5236E161187EA7540057E974 /* HTSViewController.m */,
			);
			name = HTS;
			sourceTree = "<group>";
		};
		5236E166187EA7AA0057E974 /* Scanner */ = {
			isa = PBXGroup;
			children = (
				5217F426185F28D400F2D5BB /* ScannedPeripheral.h */,
				5217F427185F28D400F2D5BB /* ScannedPeripheral.m */,
				5217F429185F32E500F2D5BB /* ScannerDelegate.h */,
				5217F420185F15FA00F2D5BB /* ScannerViewController.h */,
				5217F421185F15FA00F2D5BB /* ScannerViewController.m */,
			);
			name = Scanner;
			sourceTree = "<group>";
		};
		5236E169187EC6310057E974 /* Stub */ = {
			isa = PBXGroup;
			children = (
				5236E16A187EC6880057E974 /* StubViewController.h */,
				5236E16B187EC6880057E974 /* StubViewController.m */,
			);
			name = Stub;
			sourceTree = "<group>";
		};
		524F2CDC18897D18008A8555 /* Model */ = {
			isa = PBXGroup;
			children = (
				524F2CDD18897D33008A8555 /* GlucoseReading.h */,
				524F2CDE18897D33008A8555 /* GlucoseReading.m */,
				524F2CE3188D2A56008A8555 /* GlucoseReadingContext.h */,
				524F2CE4188D2A56008A8555 /* GlucoseReadingContext.m */,
				5285D9A5188D43E500305F1D /* RecordAccess.h */,
			);
			name = Model;
			sourceTree = "<group>";
		};
		5252A533188025EC00EFD773 /* BGM */ = {
			isa = PBXGroup;
			children = (
				524F2CDC18897D18008A8555 /* Model */,
				524F2CD618897078008A8555 /* BGMItemCell.h */,
				524F2CD718897078008A8555 /* BGMItemCell.m */,
				5252A5341880260300EFD773 /* BGMViewController.h */,
				5252A5351880260300EFD773 /* BGMViewController.m */,
				524F2CE0188984E6008A8555 /* BGMDetailsViewController.h */,
				524F2CE1188984E6008A8555 /* BGMDetailsViewController.m */,
			);
			name = BGM;
			sourceTree = "<group>";
		};
		5252A53718802B6D00EFD773 /* BPM */ = {
			isa = PBXGroup;
			children = (
				5252A53818802B8100EFD773 /* BPMViewController.h */,
				5252A53918802B8100EFD773 /* BPMViewController.m */,
			);
			name = BPM;
			sourceTree = "<group>";
		};
		5252A53B18802F6300EFD773 /* DFU */ = {
			isa = PBXGroup;
			children = (
				7E996869197FB8FD0092E69E /* Constants */,
				7E996868197FA2920092E69E /* Unzip */,
				7E6ED10C197D1D40008010B6 /* File Selection */,
				7E6ED10A196ED482008010B6 /* firmwares */,
				5214D0C81886951A00460637 /* Hex to Bin Converter */,
				5252A54F18841D9D00EFD773 /* DFU Implementation */,
				5252A53C18802F7200EFD773 /* DFUViewController.h */,
				5252A53D18802F7200EFD773 /* DFUViewController.m */,
			);
			name = DFU;
			sourceTree = "<group>";
		};
		5252A53F1880307D00EFD773 /* PROXIMITY */ = {
			isa = PBXGroup;
			children = (
				5252A540188030A800EFD773 /* ProximityViewController.h */,
				5252A541188030A800EFD773 /* ProximityViewController.m */,
			);
			name = PROXIMITY;
			sourceTree = "<group>";
		};
		5252A54F18841D9D00EFD773 /* DFU Implementation */ = {
			isa = PBXGroup;
			children = (
				7E445C861951A45B00633892 /* DFUOperations.h */,
				7E445C871951A46800633892 /* DFUOperations.m */,
				7E445C891951A47200633892 /* DFUOperationsDetails.h */,
				7E445C8A1951A48100633892 /* DFUOperationsDetails.m */,
				7ECF201D19655312005495C8 /* FileOperations.h */,
				7ECF201E19655312005495C8 /* FileOperations.m */,
				7ECF2020196AA58D005495C8 /* BLEOperations.h */,
				7ECF2021196AA58D005495C8 /* BLEOperations.m */,
			);
			name = "DFU Implementation";
			sourceTree = "<group>";
		};
		5285D9A61890031F00305F1D /* CSC */ = {
			isa = PBXGroup;
			children = (
				5285D9A71890033F00305F1D /* CSCViewController.h */,
				5285D9A81890033F00305F1D /* CSCViewController.m */,
			);
			name = CSC;
			sourceTree = "<group>";
		};
		52E08DC01889448400ED959F /* CorePlot */ = {
			isa = PBXGroup;
			children = (
				52E08DC31889449D00ED959F /* CorePlotHeaders */,
				52E08DC11889449A00ED959F /* libCorePlot-CocoaTouch.a */,
			);
			name = CorePlot;
			sourceTree = "<group>";
		};
		52E08DC31889449D00ED959F /* CorePlotHeaders */ = {
			isa = PBXGroup;
			children = (
				52E08DC4188944AC00ED959F /* CorePlot-CocoaTouch.h */,
				52E08DC5188944AC00ED959F /* CPTAnimation.h */,
				52E08DC6188944AC00ED959F /* CPTAnimationOperation.h */,
				52E08DC7188944AC00ED959F /* CPTAnimationPeriod.h */,
				52E08DC8188944AC00ED959F /* CPTAnnotation.h */,
				52E08DC9188944AC00ED959F /* CPTAnnotationHostLayer.h */,
				52E08DCA188944AC00ED959F /* CPTAxis.h */,
				52E08DCB188944AC00ED959F /* CPTAxisLabel.h */,
				52E08DCC188944AC00ED959F /* CPTAxisLabelGroup.h */,
				52E08DCD188944AC00ED959F /* CPTAxisSet.h */,
				52E08DCE188944AC00ED959F /* CPTAxisTitle.h */,
				52E08DCF188944AC00ED959F /* CPTBarPlot.h */,
				52E08DD0188944AC00ED959F /* CPTBorderedLayer.h */,
				52E08DD1188944AC00ED959F /* CPTCalendarFormatter.h */,
				52E08DD2188944AC00ED959F /* CPTColor.h */,
				52E08DD3188944AC00ED959F /* CPTColorSpace.h */,
				52E08DD4188944AC00ED959F /* CPTConstraints.h */,
				52E08DD5188944AC00ED959F /* CPTDataSourceTestCase.h */,
				52E08DD6188944AC00ED959F /* CPTDefinitions.h */,
				52E08DD7188944AC00ED959F /* CPTDerivedXYGraph.h */,
				52E08DD8188944AC00ED959F /* CPTExceptions.h */,
				52E08DD9188944AC00ED959F /* CPTFill.h */,
				52E08DDA188944AC00ED959F /* CPTFunctionDataSource.h */,
				52E08DDB188944AC00ED959F /* CPTGradient.h */,
				52E08DDC188944AC00ED959F /* CPTGraph.h */,
				52E08DDD188944AC00ED959F /* CPTGraphHostingView.h */,
				52E08DDE188944AC00ED959F /* CPTGridLineGroup.h */,
				52E08DDF188944AC00ED959F /* CPTGridLines.h */,
				52E08DE0188944AC00ED959F /* CPTImage.h */,
				52E08DE1188944AC00ED959F /* CPTLayer.h */,
				52E08DE2188944AC00ED959F /* CPTLayerAnnotation.h */,
				52E08DE3188944AC00ED959F /* CPTLegend.h */,
				52E08DE4188944AC00ED959F /* CPTLegendEntry.h */,
				52E08DE5188944AC00ED959F /* CPTLimitBand.h */,
				52E08DE6188944AC00ED959F /* CPTLineCap.h */,
				52E08DE7188944AC00ED959F /* CPTLineStyle.h */,
				52E08DE8188944AC00ED959F /* CPTMutableLineStyle.h */,
				52E08DE9188944AC00ED959F /* CPTMutableNumericData.h */,
				52E08DEA188944AC00ED959F /* CPTMutableNumericData+TypeConversion.h */,
				52E08DEB188944AC00ED959F /* CPTMutablePlotRange.h */,
				52E08DEC188944AC00ED959F /* CPTMutableShadow.h */,
				52E08DED188944AC00ED959F /* CPTMutableTextStyle.h */,
				52E08DEE188944AC00ED959F /* CPTNumericData.h */,
				52E08DEF188944AC00ED959F /* CPTNumericData+TypeConversion.h */,
				52E08DF0188944AC00ED959F /* CPTNumericDataType.h */,
				52E08DF1188944AC00ED959F /* CPTPathExtensions.h */,
				52E08DF2188944AC00ED959F /* CPTPieChart.h */,
				52E08DF3188944AC00ED959F /* CPTPlatformSpecificCategories.h */,
				52E08DF4188944AC00ED959F /* CPTPlatformSpecificDefines.h */,
				52E08DF5188944AC00ED959F /* CPTPlatformSpecificFunctions.h */,
				52E08DF6188944AC00ED959F /* CPTPlot.h */,
				52E08DF7188944AC00ED959F /* CPTPlotArea.h */,
				52E08DF8188944AC00ED959F /* CPTPlotAreaFrame.h */,
				52E08DF9188944AC00ED959F /* CPTPlotGroup.h */,
				52E08DFA188944AC00ED959F /* CPTPlotRange.h */,
				52E08DFB188944AC00ED959F /* CPTPlotSpace.h */,
				52E08DFC188944AC00ED959F /* CPTPlotSpaceAnnotation.h */,
				52E08DFD188944AC00ED959F /* CPTPlotSymbol.h */,
				52E08DFE188944AC00ED959F /* CPTRangePlot.h */,
				52E08DFF188944AC00ED959F /* CPTResponder.h */,
				52E08E00188944AC00ED959F /* CPTScatterPlot.h */,
				52E08E01188944AC00ED959F /* CPTShadow.h */,
				52E08E02188944AC00ED959F /* CPTTestCase.h */,
				52E08E03188944AC00ED959F /* CPTTextLayer.h */,
				52E08E04188944AC00ED959F /* CPTTextStyle.h */,
				52E08E05188944AC00ED959F /* CPTTextStylePlatformSpecific.h */,
				52E08E06188944AC00ED959F /* CPTTheme.h */,
				52E08E07188944AC00ED959F /* CPTTimeFormatter.h */,
				52E08E08188944AC00ED959F /* CPTTradingRangePlot.h */,
				52E08E09188944AC00ED959F /* CPTUtilities.h */,
				52E08E0A188944AC00ED959F /* CPTXYAxis.h */,
				52E08E0B188944AC00ED959F /* CPTXYAxisSet.h */,
				52E08E0C188944AC00ED959F /* CPTXYGraph.h */,
				52E08E0D188944AC00ED959F /* CPTXYPlotSpace.h */,
			);
			name = CorePlotHeaders;
			sourceTree = "<group>";
		};
		7E6ED10C197D1D40008010B6 /* File Selection */ = {
			isa = PBXGroup;
			children = (
				7E6ED10D197D1D8D008010B6 /* AppFilesTableViewController.h */,
				7E6ED10E197D1D8D008010B6 /* AppFilesTableViewController.m */,
				7E6ED110197D1DA4008010B6 /* UserFilesTableViewController.h */,
				7E6ED111197D1DA4008010B6 /* UserFilesTableViewController.m */,
				7E445C951951D09E00633892 /* FileTypeTableViewController.h */,
				7E445C961951D09E00633892 /* FileTypeTableViewController.m */,
				7E2A3C62196D408A009E2506 /* AccessFileSystem.h */,
				7E2A3C63196D408A009E2506 /* AccessFileSystem.m */,
				7E99686A19800A260092E69E /* FolderFilesTableViewController.h */,
				7E99686B19800A260092E69E /* FolderFilesTableViewController.m */,
			);
			name = "File Selection";
			sourceTree = "<group>";
		};
		7E996868197FA2920092E69E /* Unzip */ = {
			isa = PBXGroup;
			children = (
				7ECF2023196AD6AF005495C8 /* UnzipFirmware.h */,
				7ECF2024196AD6AF005495C8 /* UnzipFirmware.m */,
			);
			name = Unzip;
			sourceTree = "<group>";
		};
		7E996869197FB8FD0092E69E /* Constants */ = {
			isa = PBXGroup;
			children = (
				7E445C8C1951A50A00633892 /* Utility.h */,
				7E445C8D1951A51A00633892 /* Utility.m */,
			);
			name = Constants;
			sourceTree = "<group>";
		};
		7EE669111983C7DD004680F0 /* SSZipArchive */ = {
			isa = PBXGroup;
			children = (
				7EE669121983C7DD004680F0 /* minizip */,
				7EE6691C1983C7DD004680F0 /* SSZipArchive.h */,
				7EE6691D1983C7DD004680F0 /* SSZipArchive.m */,
			);
			path = SSZipArchive;
			sourceTree = "<group>";
		};
		7EE669121983C7DD004680F0 /* minizip */ = {
			isa = PBXGroup;
			children = (
				7EE669131983C7DD004680F0 /* crypt.h */,
				7EE669141983C7DD004680F0 /* ioapi.c */,
				7EE669151983C7DD004680F0 /* ioapi.h */,
				7EE669161983C7DD004680F0 /* mztools.c */,
				7EE669171983C7DD004680F0 /* mztools.h */,
				7EE669181983C7DD004680F0 /* unzip.c */,
				7EE669191983C7DD004680F0 /* unzip.h */,
				7EE6691A1983C7DD004680F0 /* zip.c */,
				7EE6691B1983C7DD004680F0 /* zip.h */,
			);
			path = minizip;
			sourceTree = "<group>";
		};
/* End PBXGroup section */

/* Begin PBXNativeTarget section */
		5217F3E11859EE0000F2D5BB /* nRF Toolbox */ = {
			isa = PBXNativeTarget;
			buildConfigurationList = 5217F4141859EE0000F2D5BB /* Build configuration list for PBXNativeTarget "nRF Toolbox" */;
			buildPhases = (
				5217F3DE1859EE0000F2D5BB /* Sources */,
				5217F3DF1859EE0000F2D5BB /* Frameworks */,
				5217F3E01859EE0000F2D5BB /* Resources */,
			);
			buildRules = (
			);
			dependencies = (
			);
			name = "nRF Toolbox";
			productName = "nRF Toolbox";
			productReference = 5217F3E21859EE0000F2D5BB /* nRF Toolbox.app */;
			productType = "com.apple.product-type.application";
		};
		5217F4021859EE0000F2D5BB /* nRF ToolboxTests */ = {
			isa = PBXNativeTarget;
			buildConfigurationList = 5217F4171859EE0000F2D5BB /* Build configuration list for PBXNativeTarget "nRF ToolboxTests" */;
			buildPhases = (
				5217F3FF1859EE0000F2D5BB /* Sources */,
				5217F4001859EE0000F2D5BB /* Frameworks */,
				5217F4011859EE0000F2D5BB /* Resources */,
			);
			buildRules = (
			);
			dependencies = (
				5217F4091859EE0000F2D5BB /* PBXTargetDependency */,
			);
			name = "nRF ToolboxTests";
			productName = "nRF ToolboxTests";
			productReference = 5217F4031859EE0000F2D5BB /* nRF ToolboxTests.xctest */;
			productType = "com.apple.product-type.bundle.unit-test";
		};
/* End PBXNativeTarget section */

/* Begin PBXProject section */
		5217F3DA1859EE0000F2D5BB /* Project object */ = {
			isa = PBXProject;
			attributes = {
				LastUpgradeCheck = 0510;
				ORGANIZATIONNAME = "Nordic Semiconductor";
				TargetAttributes = {
					5217F3E11859EE0000F2D5BB = {
						DevelopmentTeam = P3R8YQEV4L;
						SystemCapabilities = {
							com.apple.BackgroundModes = {
								enabled = 1;
							};
						};
					};
					5217F4021859EE0000F2D5BB = {
						TestTargetID = 5217F3E11859EE0000F2D5BB;
					};
				};
			};
			buildConfigurationList = 5217F3DD1859EE0000F2D5BB /* Build configuration list for PBXProject "nRF Toolbox" */;
			compatibilityVersion = "Xcode 3.2";
			developmentRegion = English;
			hasScannedForEncodings = 0;
			knownRegions = (
				en,
				Base,
			);
			mainGroup = 5217F3D91859EE0000F2D5BB;
			productRefGroup = 5217F3E31859EE0000F2D5BB /* Products */;
			projectDirPath = "";
			projectRoot = "";
			targets = (
				5217F3E11859EE0000F2D5BB /* nRF Toolbox */,
				5217F4021859EE0000F2D5BB /* nRF ToolboxTests */,
			);
		};
/* End PBXProject section */

/* Begin PBXResourcesBuildPhase section */
		5217F3E01859EE0000F2D5BB /* Resources */ = {
			isa = PBXResourcesBuildPhase;
			buildActionMask = 2147483647;
			files = (
				7E6ED10B196ED482008010B6 /* firmwares in Resources */,
				5214D0CE1886C02A00460637 /* Settings.bundle in Resources */,
				5217F3FE1859EE0000F2D5BB /* Images.xcassets in Resources */,
				7E1B422918A8DF4D006BA1BC /* high.mp3 in Resources */,
				5211EFAE18856430007CC40D /* icon-dfu-64.png in Resources */,
				5217F3F01859EE0000F2D5BB /* InfoPlist.strings in Resources */,
				5211EFB118856430007CC40D /* icon-hex@2x.png in Resources */,
				5217F3F91859EE0000F2D5BB /* Main.storyboard in Resources */,
				5211EFAF18856430007CC40D /* icon-dfu-320.png in Resources */,
				5211EFB018856430007CC40D /* icon-hex.png in Resources */,
			);
			runOnlyForDeploymentPostprocessing = 0;
		};
		5217F4011859EE0000F2D5BB /* Resources */ = {
			isa = PBXResourcesBuildPhase;
			buildActionMask = 2147483647;
			files = (
				5217F40F1859EE0000F2D5BB /* InfoPlist.strings in Resources */,
			);
			runOnlyForDeploymentPostprocessing = 0;
		};
/* End PBXResourcesBuildPhase section */

/* Begin PBXSourcesBuildPhase section */
		5217F3DE1859EE0000F2D5BB /* Sources */ = {
			isa = PBXSourcesBuildPhase;
			buildActionMask = 2147483647;
			files = (
				7E445C971951D09E00633892 /* FileTypeTableViewController.m in Sources */,
				7EE669201983C7DD004680F0 /* unzip.c in Sources */,
				7ECF2022196AA58D005495C8 /* BLEOperations.m in Sources */,
				524F2CE2188984E6008A8555 /* BGMDetailsViewController.m in Sources */,
				5252A53E18802F7200EFD773 /* DFUViewController.m in Sources */,
				5252A53A18802B8100EFD773 /* BPMViewController.m in Sources */,
				5217F3FC1859EE0000F2D5BB /* ViewController.m in Sources */,
				7E6ED112197D1DA4008010B6 /* UserFilesTableViewController.m in Sources */,
				524F2CDF18897D33008A8555 /* GlucoseReading.m in Sources */,
				5217F3F61859EE0000F2D5BB /* AppDelegate.m in Sources */,
				7E445C8B1951A48100633892 /* DFUOperationsDetails.m in Sources */,
				5217F3F21859EE0000F2D5BB /* main.m in Sources */,
				5217F41E185B198E00F2D5BB /* RSACViewController.m in Sources */,
				7ECF2025196AD6AF005495C8 /* UnzipFirmware.m in Sources */,
				5252A542188030A800EFD773 /* ProximityViewController.m in Sources */,
				5236E162187EA7540057E974 /* HTSViewController.m in Sources */,
				7E445C8E1951A51A00633892 /* Utility.m in Sources */,
				5214D0C71886951500460637 /* IntelHex2BinConverter.m in Sources */,
				7E445C881951A46800633892 /* DFUOperations.m in Sources */,
				7E2A3C64196D408A009E2506 /* AccessFileSystem.m in Sources */,
				7ECF201F19655312005495C8 /* FileOperations.m in Sources */,
				7EE669211983C7DD004680F0 /* zip.c in Sources */,
				5285D9A91890033F00305F1D /* CSCViewController.m in Sources */,
				7E92108C18A38EE3009C6F2A /* HelpViewController.m in Sources */,
				5217F428185F28D400F2D5BB /* ScannedPeripheral.m in Sources */,
				7E99686C19800A260092E69E /* FolderFilesTableViewController.m in Sources */,
				7EE6691F1983C7DD004680F0 /* mztools.c in Sources */,
				524F2CD818897078008A8555 /* BGMItemCell.m in Sources */,
				5214D0D218881D4D00460637 /* CharacteristicReader.m in Sources */,
				5236E16C187EC6880057E974 /* StubViewController.m in Sources */,
				5252A5361880260300EFD773 /* BGMViewController.m in Sources */,
				524F2CE5188D2A56008A8555 /* GlucoseReadingContext.m in Sources */,
				7E6ED10F197D1D8D008010B6 /* AppFilesTableViewController.m in Sources */,
				7EE6691E1983C7DD004680F0 /* ioapi.c in Sources */,
				5217F422185F15FA00F2D5BB /* ScannerViewController.m in Sources */,
				5236E15F187EA73F0057E974 /* HRSViewController.m in Sources */,
				7EE669221983C7DD004680F0 /* SSZipArchive.m in Sources */,
			);
			runOnlyForDeploymentPostprocessing = 0;
		};
		5217F3FF1859EE0000F2D5BB /* Sources */ = {
			isa = PBXSourcesBuildPhase;
			buildActionMask = 2147483647;
			files = (
				5217F4111859EE0000F2D5BB /* nRF_ToolboxTests.m in Sources */,
			);
			runOnlyForDeploymentPostprocessing = 0;
		};
/* End PBXSourcesBuildPhase section */

/* Begin PBXTargetDependency section */
		5217F4091859EE0000F2D5BB /* PBXTargetDependency */ = {
			isa = PBXTargetDependency;
			target = 5217F3E11859EE0000F2D5BB /* nRF Toolbox */;
			targetProxy = 5217F4081859EE0000F2D5BB /* PBXContainerItemProxy */;
		};
/* End PBXTargetDependency section */

/* Begin PBXVariantGroup section */
		5217F3EE1859EE0000F2D5BB /* InfoPlist.strings */ = {
			isa = PBXVariantGroup;
			children = (
				5217F3EF1859EE0000F2D5BB /* en */,
			);
			name = InfoPlist.strings;
			sourceTree = "<group>";
		};
		5217F3F71859EE0000F2D5BB /* Main.storyboard */ = {
			isa = PBXVariantGroup;
			children = (
				5217F3F81859EE0000F2D5BB /* Base */,
			);
			name = Main.storyboard;
			sourceTree = "<group>";
		};
		5217F40D1859EE0000F2D5BB /* InfoPlist.strings */ = {
			isa = PBXVariantGroup;
			children = (
				5217F40E1859EE0000F2D5BB /* en */,
			);
			name = InfoPlist.strings;
			sourceTree = "<group>";
		};
/* End PBXVariantGroup section */

/* Begin XCBuildConfiguration section */
		5217F4121859EE0000F2D5BB /* Debug */ = {
			isa = XCBuildConfiguration;
			buildSettings = {
				ALWAYS_SEARCH_USER_PATHS = NO;
				"ARCHS[sdk=*]" = "$(ARCHS_STANDARD)";
				CLANG_CXX_LANGUAGE_STANDARD = "gnu++0x";
				CLANG_CXX_LIBRARY = "libc++";
				CLANG_ENABLE_MODULES = YES;
				CLANG_ENABLE_OBJC_ARC = YES;
				CLANG_WARN_BOOL_CONVERSION = YES;
				CLANG_WARN_CONSTANT_CONVERSION = YES;
				CLANG_WARN_DIRECT_OBJC_ISA_USAGE = YES_ERROR;
				CLANG_WARN_EMPTY_BODY = YES;
				CLANG_WARN_ENUM_CONVERSION = YES;
				CLANG_WARN_INT_CONVERSION = YES;
				CLANG_WARN_OBJC_ROOT_CLASS = YES_ERROR;
				CLANG_WARN__DUPLICATE_METHOD_MATCH = YES;
				CODE_SIGN_IDENTITY = "";
				"CODE_SIGN_IDENTITY[sdk=iphoneos*]" = "iPhone Developer";
				COPY_PHASE_STRIP = NO;
				GCC_C_LANGUAGE_STANDARD = gnu99;
				GCC_DYNAMIC_NO_PIC = NO;
				GCC_OPTIMIZATION_LEVEL = 0;
				GCC_PREPROCESSOR_DEFINITIONS = (
					"DEBUG=1",
					"$(inherited)",
				);
				GCC_SYMBOLS_PRIVATE_EXTERN = NO;
				GCC_WARN_64_TO_32_BIT_CONVERSION = YES;
				GCC_WARN_ABOUT_RETURN_TYPE = YES_ERROR;
				GCC_WARN_UNDECLARED_SELECTOR = YES;
				GCC_WARN_UNINITIALIZED_AUTOS = YES;
				GCC_WARN_UNUSED_FUNCTION = YES;
				GCC_WARN_UNUSED_VARIABLE = YES;
				IPHONEOS_DEPLOYMENT_TARGET = 7.1;
				ONLY_ACTIVE_ARCH = YES;
				PROVISIONING_PROFILE = "";
				SDKROOT = iphoneos;
				VALIDATE_PRODUCT = YES;
				"VALID_ARCHS[sdk=*]" = "arm32 armv7 armv7s";
			};
			name = Debug;
		};
		5217F4131859EE0000F2D5BB /* Release */ = {
			isa = XCBuildConfiguration;
			buildSettings = {
				ALWAYS_SEARCH_USER_PATHS = NO;
				"ARCHS[sdk=*]" = "$(ARCHS_STANDARD)";
				CLANG_CXX_LANGUAGE_STANDARD = "gnu++0x";
				CLANG_CXX_LIBRARY = "libc++";
				CLANG_ENABLE_MODULES = YES;
				CLANG_ENABLE_OBJC_ARC = YES;
				CLANG_WARN_BOOL_CONVERSION = YES;
				CLANG_WARN_CONSTANT_CONVERSION = YES;
				CLANG_WARN_DIRECT_OBJC_ISA_USAGE = YES_ERROR;
				CLANG_WARN_EMPTY_BODY = YES;
				CLANG_WARN_ENUM_CONVERSION = YES;
				CLANG_WARN_INT_CONVERSION = YES;
				CLANG_WARN_OBJC_ROOT_CLASS = YES_ERROR;
				CLANG_WARN__DUPLICATE_METHOD_MATCH = YES;
				"CODE_SIGN_IDENTITY[sdk=iphoneos*]" = "iPhone Distribution: Nordic Semiconductor ASA (P3R8YQEV4L)";
				COPY_PHASE_STRIP = YES;
				ENABLE_NS_ASSERTIONS = NO;
				GCC_C_LANGUAGE_STANDARD = gnu99;
				GCC_WARN_64_TO_32_BIT_CONVERSION = YES;
				GCC_WARN_ABOUT_RETURN_TYPE = YES_ERROR;
				GCC_WARN_UNDECLARED_SELECTOR = YES;
				GCC_WARN_UNINITIALIZED_AUTOS = YES;
				GCC_WARN_UNUSED_FUNCTION = YES;
				GCC_WARN_UNUSED_VARIABLE = YES;
				IPHONEOS_DEPLOYMENT_TARGET = 7.1;
				PROVISIONING_PROFILE = "0F54E3AA-701E-4523-8A8D-545733DEC643";
				SDKROOT = iphoneos;
				VALIDATE_PRODUCT = YES;
				"VALID_ARCHS[sdk=*]" = "arm32 armv7 armv7s";
			};
			name = Release;
		};
		5217F4151859EE0000F2D5BB /* Debug */ = {
			isa = XCBuildConfiguration;
			buildSettings = {
				ASSETCATALOG_COMPILER_APPICON_NAME = AppIcon;
				ASSETCATALOG_COMPILER_LAUNCHIMAGE_NAME = LaunchImage;
				CODE_SIGN_IDENTITY = "iPhone Developer";
				"CODE_SIGN_IDENTITY[sdk=iphoneos*]" = "iPhone Developer";
				GCC_PRECOMPILE_PREFIX_HEADER = YES;
				GCC_PREFIX_HEADER = "nRF Toolbox/nRF Toolbox-Prefix.pch";
				INFOPLIST_FILE = "nRF Toolbox/nRF Toolbox-Info.plist";
				IPHONEOS_DEPLOYMENT_TARGET = 7.1;
				LIBRARY_SEARCH_PATHS = (
					"$(inherited)",
					"$(PROJECT_DIR)",
					"$(PROJECT_DIR)/dependencies",
				);
				ONLY_ACTIVE_ARCH = NO;
				"OTHER_LDFLAGS[arch=*]" = "-ObjC";
				PRODUCT_NAME = "$(TARGET_NAME)";
				PROVISIONING_PROFILE = "";
				"VALID_ARCHS[sdk=*]" = "arm32 armv7 armv7s";
				WRAPPER_EXTENSION = app;
			};
			name = Debug;
		};
		5217F4161859EE0000F2D5BB /* Release */ = {
			isa = XCBuildConfiguration;
			buildSettings = {
				ASSETCATALOG_COMPILER_APPICON_NAME = AppIcon;
				ASSETCATALOG_COMPILER_LAUNCHIMAGE_NAME = LaunchImage;
				CODE_SIGN_IDENTITY = "iPhone Developer";
				"CODE_SIGN_IDENTITY[sdk=iphoneos*]" = "iPhone Developer";
				GCC_PRECOMPILE_PREFIX_HEADER = YES;
				GCC_PREFIX_HEADER = "nRF Toolbox/nRF Toolbox-Prefix.pch";
				INFOPLIST_FILE = "nRF Toolbox/nRF Toolbox-Info.plist";
				IPHONEOS_DEPLOYMENT_TARGET = 7.1;
				LIBRARY_SEARCH_PATHS = (
					"$(inherited)",
					"$(PROJECT_DIR)",
					"$(PROJECT_DIR)/dependencies",
				);
				ONLY_ACTIVE_ARCH = NO;
				"OTHER_LDFLAGS[arch=*]" = "-ObjC";
				PRODUCT_NAME = "$(TARGET_NAME)";
				PROVISIONING_PROFILE = "";
				"VALID_ARCHS[sdk=*]" = "arm32 armv7 armv7s";
				WRAPPER_EXTENSION = app;
			};
			name = Release;
		};
		5217F4181859EE0000F2D5BB /* Debug */ = {
			isa = XCBuildConfiguration;
			buildSettings = {
				BUNDLE_LOADER = "$(BUILT_PRODUCTS_DIR)/nRF Toolbox.app/nRF Toolbox";
				FRAMEWORK_SEARCH_PATHS = (
					"$(SDKROOT)/Developer/Library/Frameworks",
					"$(inherited)",
					"$(DEVELOPER_FRAMEWORKS_DIR)",
				);
				GCC_PRECOMPILE_PREFIX_HEADER = YES;
				GCC_PREFIX_HEADER = "nRF Toolbox/nRF Toolbox-Prefix.pch";
				GCC_PREPROCESSOR_DEFINITIONS = (
					"DEBUG=1",
					"$(inherited)",
				);
				INFOPLIST_FILE = "nRF ToolboxTests/nRF ToolboxTests-Info.plist";
				PRODUCT_NAME = "$(TARGET_NAME)";
				TEST_HOST = "$(BUNDLE_LOADER)";
				WRAPPER_EXTENSION = xctest;
			};
			name = Debug;
		};
		5217F4191859EE0000F2D5BB /* Release */ = {
			isa = XCBuildConfiguration;
			buildSettings = {
				BUNDLE_LOADER = "$(BUILT_PRODUCTS_DIR)/nRF Toolbox.app/nRF Toolbox";
				FRAMEWORK_SEARCH_PATHS = (
					"$(SDKROOT)/Developer/Library/Frameworks",
					"$(inherited)",
					"$(DEVELOPER_FRAMEWORKS_DIR)",
				);
				GCC_PRECOMPILE_PREFIX_HEADER = YES;
				GCC_PREFIX_HEADER = "nRF Toolbox/nRF Toolbox-Prefix.pch";
				INFOPLIST_FILE = "nRF ToolboxTests/nRF ToolboxTests-Info.plist";
				PRODUCT_NAME = "$(TARGET_NAME)";
				TEST_HOST = "$(BUNDLE_LOADER)";
				WRAPPER_EXTENSION = xctest;
			};
			name = Release;
		};
/* End XCBuildConfiguration section */

/* Begin XCConfigurationList section */
		5217F3DD1859EE0000F2D5BB /* Build configuration list for PBXProject "nRF Toolbox" */ = {
			isa = XCConfigurationList;
			buildConfigurations = (
				5217F4121859EE0000F2D5BB /* Debug */,
				5217F4131859EE0000F2D5BB /* Release */,
			);
			defaultConfigurationIsVisible = 0;
			defaultConfigurationName = Release;
		};
		5217F4141859EE0000F2D5BB /* Build configuration list for PBXNativeTarget "nRF Toolbox" */ = {
			isa = XCConfigurationList;
			buildConfigurations = (
				5217F4151859EE0000F2D5BB /* Debug */,
				5217F4161859EE0000F2D5BB /* Release */,
			);
			defaultConfigurationIsVisible = 0;
			defaultConfigurationName = Release;
		};
		5217F4171859EE0000F2D5BB /* Build configuration list for PBXNativeTarget "nRF ToolboxTests" */ = {
			isa = XCConfigurationList;
			buildConfigurations = (
				5217F4181859EE0000F2D5BB /* Debug */,
				5217F4191859EE0000F2D5BB /* Release */,
			);
			defaultConfigurationIsVisible = 0;
			defaultConfigurationName = Release;
		};
/* End XCConfigurationList section */
	};
	rootObject = 5217F3DA1859EE0000F2D5BB /* Project object */;
}
